// !$*UTF8*$!
{
	archiveVersion = 1;
	classes = {
	};
	objectVersion = 46;
	objects = {

/* Begin PBXBuildFile section */
		990954F31C85D5C300797FFF /* main.m in Sources */ = {isa = PBXBuildFile; fileRef = 990954F21C85D5C300797FFF /* main.m */; };
		990954F61C85D5C300797FFF /* AppDelegate.m in Sources */ = {isa = PBXBuildFile; fileRef = 990954F51C85D5C300797FFF /* AppDelegate.m */; };
		990954F91C85D5C300797FFF /* MainViewController.m in Sources */ = {isa = PBXBuildFile; fileRef = 990954F81C85D5C300797FFF /* MainViewController.m */; };
		990954FF1C85D5C300797FFF /* Record.xcdatamodeld in Sources */ = {isa = PBXBuildFile; fileRef = 990954FD1C85D5C300797FFF /* Record.xcdatamodeld */; };
		990955011C85D5C300797FFF /* Assets.xcassets in Resources */ = {isa = PBXBuildFile; fileRef = 990955001C85D5C300797FFF /* Assets.xcassets */; };
		9909550D1C85D76300797FFF /* BaseViewController.m in Sources */ = {isa = PBXBuildFile; fileRef = 9909550C1C85D76300797FFF /* BaseViewController.m */; };
		990955101C85D76F00797FFF /* AppManager.m in Sources */ = {isa = PBXBuildFile; fileRef = 9909550F1C85D76F00797FFF /* AppManager.m */; };
		990955171C85D77A00797FFF /* Extension.m in Sources */ = {isa = PBXBuildFile; fileRef = 990955121C85D77A00797FFF /* Extension.m */; };
		990955181C85D77A00797FFF /* NSExtension.m in Sources */ = {isa = PBXBuildFile; fileRef = 990955141C85D77A00797FFF /* NSExtension.m */; };
		990955191C85D77A00797FFF /* UIExtension.m in Sources */ = {isa = PBXBuildFile; fileRef = 990955161C85D77A00797FFF /* UIExtension.m */; };
		990955201C85E47800797FFF /* HelpView.m in Sources */ = {isa = PBXBuildFile; fileRef = 9909551F1C85E47800797FFF /* HelpView.m */; };
		993D5A211C90649E004A42CE /* SettingCell.m in Sources */ = {isa = PBXBuildFile; fileRef = 993D5A201C90649E004A42CE /* SettingCell.m */; };
		993D5A251C9069F4004A42CE /* libUMOnlineConfig.a in Frameworks */ = {isa = PBXBuildFile; fileRef = 993D5A231C9069F4004A42CE /* libUMOnlineConfig.a */; };
		993D5A281C906A2E004A42CE /* OnlineConfigUtil.m in Sources */ = {isa = PBXBuildFile; fileRef = 993D5A271C906A2E004A42CE /* OnlineConfigUtil.m */; };
		996004B51C944453001EFD89 /* WebViewController.m in Sources */ = {isa = PBXBuildFile; fileRef = 996004B41C944453001EFD89 /* WebViewController.m */; };
		996004B81C944659001EFD89 /* UrlUtil.m in Sources */ = {isa = PBXBuildFile; fileRef = 996004B71C944659001EFD89 /* UrlUtil.m */; };
		996004BC1C946499001EFD89 /* PackViewDelegate.m in Sources */ = {isa = PBXBuildFile; fileRef = 996004BB1C946499001EFD89 /* PackViewDelegate.m */; };
		996004BF1C9467D4001EFD89 /* CalendarViewDelegate.m in Sources */ = {isa = PBXBuildFile; fileRef = 996004BE1C9467D4001EFD89 /* CalendarViewDelegate.m */; };
		996004C51C954C2D001EFD89 /* MessageViewDelegate.m in Sources */ = {isa = PBXBuildFile; fileRef = 996004C41C954C2D001EFD89 /* MessageViewDelegate.m */; };
		996004C81C95AF9D001EFD89 /* image.xcassets in Resources */ = {isa = PBXBuildFile; fileRef = 996004C71C95AF9D001EFD89 /* image.xcassets */; };
		996004CB1C95B1DE001EFD89 /* StartView.m in Sources */ = {isa = PBXBuildFile; fileRef = 996004CA1C95B1DE001EFD89 /* StartView.m */; };
		998DE7DC1C89C42C00C3AA81 /* PackCollectionViewCell.m in Sources */ = {isa = PBXBuildFile; fileRef = 998DE7DB1C89C42C00C3AA81 /* PackCollectionViewCell.m */; };
		999FADF21C8BE1AE0083C6B0 /* ReminderManager.m in Sources */ = {isa = PBXBuildFile; fileRef = 999FADF11C8BE1AE0083C6B0 /* ReminderManager.m */; };
		999FADF51C8C03E70083C6B0 /* RecordManager.m in Sources */ = {isa = PBXBuildFile; fileRef = 999FADF41C8C03E70083C6B0 /* RecordManager.m */; };
		999FADF91C8C0C200083C6B0 /* Record.m in Sources */ = {isa = PBXBuildFile; fileRef = 999FADF81C8C0C200083C6B0 /* Record.m */; };
		999FADFC1C8C124A0083C6B0 /* MessageManager.m in Sources */ = {isa = PBXBuildFile; fileRef = 999FADFB1C8C124A0083C6B0 /* MessageManager.m */; };
		999FADFF1C8C125F0083C6B0 /* Message.m in Sources */ = {isa = PBXBuildFile; fileRef = 999FADFE1C8C125F0083C6B0 /* Message.m */; };
		999FAE131C8C26420083C6B0 /* CalendarDayCell.m in Sources */ = {isa = PBXBuildFile; fileRef = 999FAE021C8C26420083C6B0 /* CalendarDayCell.m */; };
		999FAE141C8C26420083C6B0 /* CalendarDayModel.m in Sources */ = {isa = PBXBuildFile; fileRef = 999FAE041C8C26420083C6B0 /* CalendarDayModel.m */; };
		999FAE161C8C26420083C6B0 /* CalendarLogic.m in Sources */ = {isa = PBXBuildFile; fileRef = 999FAE081C8C26420083C6B0 /* CalendarLogic.m */; };
		999FAE171C8C26420083C6B0 /* CalendarMonthCollectionViewLayout.m in Sources */ = {isa = PBXBuildFile; fileRef = 999FAE0A1C8C26420083C6B0 /* CalendarMonthCollectionViewLayout.m */; };
		999FAE181C8C26420083C6B0 /* CalendarMonthHeaderView.m in Sources */ = {isa = PBXBuildFile; fileRef = 999FAE0C1C8C26420083C6B0 /* CalendarMonthHeaderView.m */; };
		999FAE1A1C8C26420083C6B0 /* chack.png in Resources */ = {isa = PBXBuildFile; fileRef = 999FAE0F1C8C26420083C6B0 /* chack.png */; };
		999FAE1B1C8C26420083C6B0 /* NSDate+WQCalendarLogic.m in Sources */ = {isa = PBXBuildFile; fileRef = 999FAE121C8C26420083C6B0 /* NSDate+WQCalendarLogic.m */; };
		999FAE211C8C33130083C6B0 /* libMobClickLibrary.a in Frameworks */ = {isa = PBXBuildFile; fileRef = 999FAE1E1C8C33130083C6B0 /* libMobClickLibrary.a */; };
		999FAE241C8C346C0083C6B0 /* AnalyticsUtil.m in Sources */ = {isa = PBXBuildFile; fileRef = 999FAE231C8C346C0083C6B0 /* AnalyticsUtil.m */; };
		999FAE271C8C4A200083C6B0 /* MessageCell.m in Sources */ = {isa = PBXBuildFile; fileRef = 999FAE261C8C4A200083C6B0 /* MessageCell.m */; };
		999FAE291C8C4CC20083C6B0 /* libz.tbd in Frameworks */ = {isa = PBXBuildFile; fileRef = 999FAE281C8C4CC20083C6B0 /* libz.tbd */; };
		999FAE2C1C8C574D0083C6B0 /* GoogleMobileAds.framework in Frameworks */ = {isa = PBXBuildFile; fileRef = 999FAE2B1C8C574D0083C6B0 /* GoogleMobileAds.framework */; };
		999FAE2F1C8C578F0083C6B0 /* AdManager.m in Sources */ = {isa = PBXBuildFile; fileRef = 999FAE2E1C8C578F0083C6B0 /* AdManager.m */; };
		99C749E81C91AB8B0054829C /* ScheduleManager.m in Sources */ = {isa = PBXBuildFile; fileRef = 99C749E71C91AB8B0054829C /* ScheduleManager.m */; };
		99C749EE1C91BE930054829C /* TextEditViewController.m in Sources */ = {isa = PBXBuildFile; fileRef = 99C749ED1C91BE930054829C /* TextEditViewController.m */; };
		99D90FCB1C886B5300B1617D /* SettingViewController.m in Sources */ = {isa = PBXBuildFile; fileRef = 99D90FCA1C886B5300B1617D /* SettingViewController.m */; };
		99D90FCF1C886F0F00B1617D /* SqlUtil.m in Sources */ = {isa = PBXBuildFile; fileRef = 99D90FCE1C886F0F00B1617D /* SqlUtil.m */; };
		99D90FD11C887A2700B1617D /* libsqlite3.0.tbd in Frameworks */ = {isa = PBXBuildFile; fileRef = 99D90FD01C887A2700B1617D /* libsqlite3.0.tbd */; };
		99D90FD41C88834200B1617D /* NotifyUtil.m in Sources */ = {isa = PBXBuildFile; fileRef = 99D90FD31C88834200B1617D /* NotifyUtil.m */; };
/* End PBXBuildFile section */

/* Begin PBXFileReference section */
		990954EE1C85D5C300797FFF /* Record.app */ = {isa = PBXFileReference; explicitFileType = wrapper.application; includeInIndex = 0; path = Record.app; sourceTree = BUILT_PRODUCTS_DIR; };
		990954F21C85D5C300797FFF /* main.m */ = {isa = PBXFileReference; lastKnownFileType = sourcecode.c.objc; path = main.m; sourceTree = "<group>"; };
		990954F41C85D5C300797FFF /* AppDelegate.h */ = {isa = PBXFileReference; lastKnownFileType = sourcecode.c.h; path = AppDelegate.h; sourceTree = "<group>"; };
		990954F51C85D5C300797FFF /* AppDelegate.m */ = {isa = PBXFileReference; lastKnownFileType = sourcecode.c.objc; path = AppDelegate.m; sourceTree = "<group>"; };
		990954F71C85D5C300797FFF /* MainViewController.h */ = {isa = PBXFileReference; lastKnownFileType = sourcecode.c.h; path = MainViewController.h; sourceTree = "<group>"; };
		990954F81C85D5C300797FFF /* MainViewController.m */ = {isa = PBXFileReference; lastKnownFileType = sourcecode.c.objc; path = MainViewController.m; sourceTree = "<group>"; };
		990954FE1C85D5C300797FFF /* Record.xcdatamodel */ = {isa = PBXFileReference; lastKnownFileType = wrapper.xcdatamodel; path = Record.xcdatamodel; sourceTree = "<group>"; };
		990955001C85D5C300797FFF /* Assets.xcassets */ = {isa = PBXFileReference; lastKnownFileType = folder.assetcatalog; path = Assets.xcassets; sourceTree = "<group>"; };
		990955051C85D5C300797FFF /* Info.plist */ = {isa = PBXFileReference; lastKnownFileType = text.plist.xml; path = Info.plist; sourceTree = "<group>"; };
		9909550B1C85D76300797FFF /* BaseViewController.h */ = {isa = PBXFileReference; fileEncoding = 4; lastKnownFileType = sourcecode.c.h; name = BaseViewController.h; path = ViewController/BaseViewController.h; sourceTree = "<group>"; };
		9909550C1C85D76300797FFF /* BaseViewController.m */ = {isa = PBXFileReference; fileEncoding = 4; lastKnownFileType = sourcecode.c.objc; name = BaseViewController.m; path = ViewController/BaseViewController.m; sourceTree = "<group>"; };
		9909550E1C85D76F00797FFF /* AppManager.h */ = {isa = PBXFileReference; fileEncoding = 4; lastKnownFileType = sourcecode.c.h; name = AppManager.h; path = Manager/AppManager.h; sourceTree = "<group>"; };
		9909550F1C85D76F00797FFF /* AppManager.m */ = {isa = PBXFileReference; fileEncoding = 4; lastKnownFileType = sourcecode.c.objc; name = AppManager.m; path = Manager/AppManager.m; sourceTree = "<group>"; };
		990955111C85D77A00797FFF /* Extension.h */ = {isa = PBXFileReference; fileEncoding = 4; lastKnownFileType = sourcecode.c.h; name = Extension.h; path = Extension/Extension.h; sourceTree = "<group>"; };
		990955121C85D77A00797FFF /* Extension.m */ = {isa = PBXFileReference; fileEncoding = 4; lastKnownFileType = sourcecode.c.objc; name = Extension.m; path = Extension/Extension.m; sourceTree = "<group>"; };
		990955131C85D77A00797FFF /* NSExtension.h */ = {isa = PBXFileReference; fileEncoding = 4; lastKnownFileType = sourcecode.c.h; name = NSExtension.h; path = Extension/NSExtension.h; sourceTree = "<group>"; };
		990955141C85D77A00797FFF /* NSExtension.m */ = {isa = PBXFileReference; fileEncoding = 4; lastKnownFileType = sourcecode.c.objc; name = NSExtension.m; path = Extension/NSExtension.m; sourceTree = "<group>"; };
		990955151C85D77A00797FFF /* UIExtension.h */ = {isa = PBXFileReference; fileEncoding = 4; lastKnownFileType = sourcecode.c.h; name = UIExtension.h; path = Extension/UIExtension.h; sourceTree = "<group>"; };
		990955161C85D77A00797FFF /* UIExtension.m */ = {isa = PBXFileReference; fileEncoding = 4; lastKnownFileType = sourcecode.c.objc; name = UIExtension.m; path = Extension/UIExtension.m; sourceTree = "<group>"; };
		9909551E1C85E47800797FFF /* HelpView.h */ = {isa = PBXFileReference; fileEncoding = 4; lastKnownFileType = sourcecode.c.h; name = HelpView.h; path = View/HelpView.h; sourceTree = "<group>"; };
		9909551F1C85E47800797FFF /* HelpView.m */ = {isa = PBXFileReference; fileEncoding = 4; lastKnownFileType = sourcecode.c.objc; name = HelpView.m; path = View/HelpView.m; sourceTree = "<group>"; };
		990955211C85E6E000797FFF /* Record-Prefix.pch */ = {isa = PBXFileReference; lastKnownFileType = sourcecode.c.h; path = "Record-Prefix.pch"; sourceTree = "<group>"; };
		993D5A1F1C90649E004A42CE /* SettingCell.h */ = {isa = PBXFileReference; fileEncoding = 4; lastKnownFileType = sourcecode.c.h; name = SettingCell.h; path = View/SettingCell.h; sourceTree = "<group>"; };
		993D5A201C90649E004A42CE /* SettingCell.m */ = {isa = PBXFileReference; fileEncoding = 4; lastKnownFileType = sourcecode.c.objc; name = SettingCell.m; path = View/SettingCell.m; sourceTree = "<group>"; };
		993D5A231C9069F4004A42CE /* libUMOnlineConfig.a */ = {isa = PBXFileReference; lastKnownFileType = archive.ar; name = libUMOnlineConfig.a; path = Others/UMOnlineConfig/libUMOnlineConfig.a; sourceTree = "<group>"; };
		993D5A241C9069F4004A42CE /* UMOnlineConfig.h */ = {isa = PBXFileReference; fileEncoding = 4; lastKnownFileType = sourcecode.c.h; name = UMOnlineConfig.h; path = Others/UMOnlineConfig/UMOnlineConfig.h; sourceTree = "<group>"; };
		993D5A261C906A2E004A42CE /* OnlineConfigUtil.h */ = {isa = PBXFileReference; fileEncoding = 4; lastKnownFileType = sourcecode.c.h; name = OnlineConfigUtil.h; path = Util/OnlineConfigUtil.h; sourceTree = "<group>"; };
		993D5A271C906A2E004A42CE /* OnlineConfigUtil.m */ = {isa = PBXFileReference; fileEncoding = 4; lastKnownFileType = sourcecode.c.objc; name = OnlineConfigUtil.m; path = Util/OnlineConfigUtil.m; sourceTree = "<group>"; };
		996004B31C944453001EFD89 /* WebViewController.h */ = {isa = PBXFileReference; fileEncoding = 4; lastKnownFileType = sourcecode.c.h; name = WebViewController.h; path = ViewController/WebViewController.h; sourceTree = "<group>"; };
		996004B41C944453001EFD89 /* WebViewController.m */ = {isa = PBXFileReference; fileEncoding = 4; lastKnownFileType = sourcecode.c.objc; name = WebViewController.m; path = ViewController/WebViewController.m; sourceTree = "<group>"; };
		996004B61C944659001EFD89 /* UrlUtil.h */ = {isa = PBXFileReference; fileEncoding = 4; lastKnownFileType = sourcecode.c.h; name = UrlUtil.h; path = Util/UrlUtil.h; sourceTree = "<group>"; };
		996004B71C944659001EFD89 /* UrlUtil.m */ = {isa = PBXFileReference; fileEncoding = 4; lastKnownFileType = sourcecode.c.objc; name = UrlUtil.m; path = Util/UrlUtil.m; sourceTree = "<group>"; };
		996004B91C944736001EFD89 /* Header.h */ = {isa = PBXFileReference; lastKnownFileType = sourcecode.c.h; path = Header.h; sourceTree = "<group>"; };
		996004BA1C946499001EFD89 /* PackViewDelegate.h */ = {isa = PBXFileReference; fileEncoding = 4; lastKnownFileType = sourcecode.c.h; path = PackViewDelegate.h; sourceTree = "<group>"; };
		996004BB1C946499001EFD89 /* PackViewDelegate.m */ = {isa = PBXFileReference; fileEncoding = 4; lastKnownFileType = sourcecode.c.objc; path = PackViewDelegate.m; sourceTree = "<group>"; };
		996004BD1C9467D4001EFD89 /* CalendarViewDelegate.h */ = {isa = PBXFileReference; fileEncoding = 4; lastKnownFileType = sourcecode.c.h; path = CalendarViewDelegate.h; sourceTree = "<group>"; };
		996004BE1C9467D4001EFD89 /* CalendarViewDelegate.m */ = {isa = PBXFileReference; fileEncoding = 4; lastKnownFileType = sourcecode.c.objc; path = CalendarViewDelegate.m; sourceTree = "<group>"; };
		996004C31C954C2D001EFD89 /* MessageViewDelegate.h */ = {isa = PBXFileReference; fileEncoding = 4; lastKnownFileType = sourcecode.c.h; path = MessageViewDelegate.h; sourceTree = "<group>"; };
		996004C41C954C2D001EFD89 /* MessageViewDelegate.m */ = {isa = PBXFileReference; fileEncoding = 4; lastKnownFileType = sourcecode.c.objc; path = MessageViewDelegate.m; sourceTree = "<group>"; };
		996004C71C95AF9D001EFD89 /* image.xcassets */ = {isa = PBXFileReference; lastKnownFileType = folder.assetcatalog; name = image.xcassets; path = Record/Resource/image.xcassets; sourceTree = "<group>"; };
		996004C91C95B1DE001EFD89 /* StartView.h */ = {isa = PBXFileReference; fileEncoding = 4; lastKnownFileType = sourcecode.c.h; name = StartView.h; path = View/StartView.h; sourceTree = "<group>"; };
		996004CA1C95B1DE001EFD89 /* StartView.m */ = {isa = PBXFileReference; fileEncoding = 4; lastKnownFileType = sourcecode.c.objc; name = StartView.m; path = View/StartView.m; sourceTree = "<group>"; };
		998DE7DA1C89C42C00C3AA81 /* PackCollectionViewCell.h */ = {isa = PBXFileReference; fileEncoding = 4; lastKnownFileType = sourcecode.c.h; name = PackCollectionViewCell.h; path = View/PackCollectionViewCell.h; sourceTree = "<group>"; };
		998DE7DB1C89C42C00C3AA81 /* PackCollectionViewCell.m */ = {isa = PBXFileReference; fileEncoding = 4; lastKnownFileType = sourcecode.c.objc; name = PackCollectionViewCell.m; path = View/PackCollectionViewCell.m; sourceTree = "<group>"; };
		999FADF01C8BE1AE0083C6B0 /* ReminderManager.h */ = {isa = PBXFileReference; fileEncoding = 4; lastKnownFileType = sourcecode.c.h; name = ReminderManager.h; path = Manager/ReminderManager.h; sourceTree = "<group>"; };
		999FADF11C8BE1AE0083C6B0 /* ReminderManager.m */ = {isa = PBXFileReference; fileEncoding = 4; lastKnownFileType = sourcecode.c.objc; name = ReminderManager.m; path = Manager/ReminderManager.m; sourceTree = "<group>"; };
		999FADF31C8C03E70083C6B0 /* RecordManager.h */ = {isa = PBXFileReference; fileEncoding = 4; lastKnownFileType = sourcecode.c.h; name = RecordManager.h; path = Manager/RecordManager.h; sourceTree = "<group>"; };
		999FADF41C8C03E70083C6B0 /* RecordManager.m */ = {isa = PBXFileReference; fileEncoding = 4; lastKnownFileType = sourcecode.c.objc; name = RecordManager.m; path = Manager/RecordManager.m; sourceTree = "<group>"; };
		999FADF71C8C0C200083C6B0 /* Record.h */ = {isa = PBXFileReference; fileEncoding = 4; lastKnownFileType = sourcecode.c.h; path = Record.h; sourceTree = "<group>"; };
		999FADF81C8C0C200083C6B0 /* Record.m */ = {isa = PBXFileReference; fileEncoding = 4; lastKnownFileType = sourcecode.c.objc; path = Record.m; sourceTree = "<group>"; };
		999FADFA1C8C124A0083C6B0 /* MessageManager.h */ = {isa = PBXFileReference; fileEncoding = 4; lastKnownFileType = sourcecode.c.h; name = MessageManager.h; path = Manager/MessageManager.h; sourceTree = "<group>"; };
		999FADFB1C8C124A0083C6B0 /* MessageManager.m */ = {isa = PBXFileReference; fileEncoding = 4; lastKnownFileType = sourcecode.c.objc; name = MessageManager.m; path = Manager/MessageManager.m; sourceTree = "<group>"; };
		999FADFD1C8C125F0083C6B0 /* Message.h */ = {isa = PBXFileReference; fileEncoding = 4; lastKnownFileType = sourcecode.c.h; path = Message.h; sourceTree = "<group>"; };
		999FADFE1C8C125F0083C6B0 /* Message.m */ = {isa = PBXFileReference; fileEncoding = 4; lastKnownFileType = sourcecode.c.objc; path = Message.m; sourceTree = "<group>"; };
		999FAE011C8C26420083C6B0 /* CalendarDayCell.h */ = {isa = PBXFileReference; fileEncoding = 4; lastKnownFileType = sourcecode.c.h; name = CalendarDayCell.h; path = ZFCalendar/CalendarDayCell.h; sourceTree = "<group>"; };
		999FAE021C8C26420083C6B0 /* CalendarDayCell.m */ = {isa = PBXFileReference; fileEncoding = 4; lastKnownFileType = sourcecode.c.objc; name = CalendarDayCell.m; path = ZFCalendar/CalendarDayCell.m; sourceTree = "<group>"; };
		999FAE031C8C26420083C6B0 /* CalendarDayModel.h */ = {isa = PBXFileReference; fileEncoding = 4; lastKnownFileType = sourcecode.c.h; name = CalendarDayModel.h; path = ZFCalendar/CalendarDayModel.h; sourceTree = "<group>"; };
		999FAE041C8C26420083C6B0 /* CalendarDayModel.m */ = {isa = PBXFileReference; fileEncoding = 4; lastKnownFileType = sourcecode.c.objc; name = CalendarDayModel.m; path = ZFCalendar/CalendarDayModel.m; sourceTree = "<group>"; };
		999FAE071C8C26420083C6B0 /* CalendarLogic.h */ = {isa = PBXFileReference; fileEncoding = 4; lastKnownFileType = sourcecode.c.h; name = CalendarLogic.h; path = ZFCalendar/CalendarLogic.h; sourceTree = "<group>"; };
		999FAE081C8C26420083C6B0 /* CalendarLogic.m */ = {isa = PBXFileReference; fileEncoding = 4; lastKnownFileType = sourcecode.c.objc; name = CalendarLogic.m; path = ZFCalendar/CalendarLogic.m; sourceTree = "<group>"; };
		999FAE091C8C26420083C6B0 /* CalendarMonthCollectionViewLayout.h */ = {isa = PBXFileReference; fileEncoding = 4; lastKnownFileType = sourcecode.c.h; name = CalendarMonthCollectionViewLayout.h; path = ZFCalendar/CalendarMonthCollectionViewLayout.h; sourceTree = "<group>"; };
		999FAE0A1C8C26420083C6B0 /* CalendarMonthCollectionViewLayout.m */ = {isa = PBXFileReference; fileEncoding = 4; lastKnownFileType = sourcecode.c.objc; name = CalendarMonthCollectionViewLayout.m; path = ZFCalendar/CalendarMonthCollectionViewLayout.m; sourceTree = "<group>"; };
		999FAE0B1C8C26420083C6B0 /* CalendarMonthHeaderView.h */ = {isa = PBXFileReference; fileEncoding = 4; lastKnownFileType = sourcecode.c.h; name = CalendarMonthHeaderView.h; path = ZFCalendar/CalendarMonthHeaderView.h; sourceTree = "<group>"; };
		999FAE0C1C8C26420083C6B0 /* CalendarMonthHeaderView.m */ = {isa = PBXFileReference; fileEncoding = 4; lastKnownFileType = sourcecode.c.objc; name = CalendarMonthHeaderView.m; path = ZFCalendar/CalendarMonthHeaderView.m; sourceTree = "<group>"; };
		999FAE0F1C8C26420083C6B0 /* chack.png */ = {isa = PBXFileReference; lastKnownFileType = image.png; name = chack.png; path = ZFCalendar/chack.png; sourceTree = "<group>"; };
		999FAE101C8C26420083C6B0 /* Color.h */ = {isa = PBXFileReference; fileEncoding = 4; lastKnownFileType = sourcecode.c.h; name = Color.h; path = ZFCalendar/Color.h; sourceTree = "<group>"; };
		999FAE111C8C26420083C6B0 /* NSDate+WQCalendarLogic.h */ = {isa = PBXFileReference; fileEncoding = 4; lastKnownFileType = sourcecode.c.h; name = "NSDate+WQCalendarLogic.h"; path = "ZFCalendar/NSDate+WQCalendarLogic.h"; sourceTree = "<group>"; };
		999FAE121C8C26420083C6B0 /* NSDate+WQCalendarLogic.m */ = {isa = PBXFileReference; fileEncoding = 4; lastKnownFileType = sourcecode.c.objc; name = "NSDate+WQCalendarLogic.m"; path = "ZFCalendar/NSDate+WQCalendarLogic.m"; sourceTree = "<group>"; };
		999FAE1E1C8C33130083C6B0 /* libMobClickLibrary.a */ = {isa = PBXFileReference; lastKnownFileType = archive.ar; name = libMobClickLibrary.a; path = Others/UMAnalytics/libMobClickLibrary.a; sourceTree = "<group>"; };
		999FAE1F1C8C33130083C6B0 /* MobClick.h */ = {isa = PBXFileReference; fileEncoding = 4; lastKnownFileType = sourcecode.c.h; name = MobClick.h; path = Others/UMAnalytics/MobClick.h; sourceTree = "<group>"; };
		999FAE201C8C33130083C6B0 /* MobClickSocialAnalytics.h */ = {isa = PBXFileReference; fileEncoding = 4; lastKnownFileType = sourcecode.c.h; name = MobClickSocialAnalytics.h; path = Others/UMAnalytics/MobClickSocialAnalytics.h; sourceTree = "<group>"; };
		999FAE221C8C346C0083C6B0 /* AnalyticsUtil.h */ = {isa = PBXFileReference; fileEncoding = 4; lastKnownFileType = sourcecode.c.h; name = AnalyticsUtil.h; path = Util/AnalyticsUtil.h; sourceTree = "<group>"; };
		999FAE231C8C346C0083C6B0 /* AnalyticsUtil.m */ = {isa = PBXFileReference; fileEncoding = 4; lastKnownFileType = sourcecode.c.objc; name = AnalyticsUtil.m; path = Util/AnalyticsUtil.m; sourceTree = "<group>"; };
		999FAE251C8C4A200083C6B0 /* MessageCell.h */ = {isa = PBXFileReference; fileEncoding = 4; lastKnownFileType = sourcecode.c.h; name = MessageCell.h; path = View/MessageCell.h; sourceTree = "<group>"; };
		999FAE261C8C4A200083C6B0 /* MessageCell.m */ = {isa = PBXFileReference; fileEncoding = 4; lastKnownFileType = sourcecode.c.objc; name = MessageCell.m; path = View/MessageCell.m; sourceTree = "<group>"; };
		999FAE281C8C4CC20083C6B0 /* libz.tbd */ = {isa = PBXFileReference; lastKnownFileType = "sourcecode.text-based-dylib-definition"; name = libz.tbd; path = usr/lib/libz.tbd; sourceTree = SDKROOT; };
		999FAE2B1C8C574D0083C6B0 /* GoogleMobileAds.framework */ = {isa = PBXFileReference; lastKnownFileType = wrapper.framework; name = GoogleMobileAds.framework; path = Others/Admob/GoogleMobileAds.framework; sourceTree = "<group>"; };
		999FAE2D1C8C578F0083C6B0 /* AdManager.h */ = {isa = PBXFileReference; fileEncoding = 4; lastKnownFileType = sourcecode.c.h; name = AdManager.h; path = Manager/AdManager.h; sourceTree = "<group>"; };
		999FAE2E1C8C578F0083C6B0 /* AdManager.m */ = {isa = PBXFileReference; fileEncoding = 4; lastKnownFileType = sourcecode.c.objc; name = AdManager.m; path = Manager/AdManager.m; sourceTree = "<group>"; };
		99C749E61C91AB8B0054829C /* ScheduleManager.h */ = {isa = PBXFileReference; fileEncoding = 4; lastKnownFileType = sourcecode.c.h; name = ScheduleManager.h; path = Manager/ScheduleManager.h; sourceTree = "<group>"; };
		99C749E71C91AB8B0054829C /* ScheduleManager.m */ = {isa = PBXFileReference; fileEncoding = 4; lastKnownFileType = sourcecode.c.objc; name = ScheduleManager.m; path = Manager/ScheduleManager.m; sourceTree = "<group>"; };
		99C749EC1C91BE930054829C /* TextEditViewController.h */ = {isa = PBXFileReference; fileEncoding = 4; lastKnownFileType = sourcecode.c.h; name = TextEditViewController.h; path = ViewController/TextEditViewController.h; sourceTree = "<group>"; };
		99C749ED1C91BE930054829C /* TextEditViewController.m */ = {isa = PBXFileReference; fileEncoding = 4; lastKnownFileType = sourcecode.c.objc; name = TextEditViewController.m; path = ViewController/TextEditViewController.m; sourceTree = "<group>"; };
		99D90FC91C886B5300B1617D /* SettingViewController.h */ = {isa = PBXFileReference; fileEncoding = 4; lastKnownFileType = sourcecode.c.h; name = SettingViewController.h; path = ViewController/SettingViewController.h; sourceTree = "<group>"; };
		99D90FCA1C886B5300B1617D /* SettingViewController.m */ = {isa = PBXFileReference; fileEncoding = 4; lastKnownFileType = sourcecode.c.objc; name = SettingViewController.m; path = ViewController/SettingViewController.m; sourceTree = "<group>"; };
		99D90FCD1C886F0F00B1617D /* SqlUtil.h */ = {isa = PBXFileReference; fileEncoding = 4; lastKnownFileType = sourcecode.c.h; path = SqlUtil.h; sourceTree = "<group>"; };
		99D90FCE1C886F0F00B1617D /* SqlUtil.m */ = {isa = PBXFileReference; fileEncoding = 4; lastKnownFileType = sourcecode.c.objc; path = SqlUtil.m; sourceTree = "<group>"; };
		99D90FD01C887A2700B1617D /* libsqlite3.0.tbd */ = {isa = PBXFileReference; lastKnownFileType = "sourcecode.text-based-dylib-definition"; name = libsqlite3.0.tbd; path = usr/lib/libsqlite3.0.tbd; sourceTree = SDKROOT; };
		99D90FD21C88834200B1617D /* NotifyUtil.h */ = {isa = PBXFileReference; fileEncoding = 4; lastKnownFileType = sourcecode.c.h; name = NotifyUtil.h; path = Util/NotifyUtil.h; sourceTree = "<group>"; };
		99D90FD31C88834200B1617D /* NotifyUtil.m */ = {isa = PBXFileReference; fileEncoding = 4; lastKnownFileType = sourcecode.c.objc; name = NotifyUtil.m; path = Util/NotifyUtil.m; sourceTree = "<group>"; };
/* End PBXFileReference section */

/* Begin PBXFrameworksBuildPhase section */
		990954EB1C85D5C300797FFF /* Frameworks */ = {
			isa = PBXFrameworksBuildPhase;
			buildActionMask = 2147483647;
			files = (
				999FAE291C8C4CC20083C6B0 /* libz.tbd in Frameworks */,
				99D90FD11C887A2700B1617D /* libsqlite3.0.tbd in Frameworks */,
				999FAE2C1C8C574D0083C6B0 /* GoogleMobileAds.framework in Frameworks */,
				993D5A251C9069F4004A42CE /* libUMOnlineConfig.a in Frameworks */,
				999FAE211C8C33130083C6B0 /* libMobClickLibrary.a in Frameworks */,
			);
			runOnlyForDeploymentPostprocessing = 0;
		};
/* End PBXFrameworksBuildPhase section */

/* Begin PBXGroup section */
		990954E51C85D5C300797FFF = {
			isa = PBXGroup;
			children = (
				996004C61C95AF92001EFD89 /* Resource */,
				999FAE281C8C4CC20083C6B0 /* libz.tbd */,
				99D90FD01C887A2700B1617D /* libsqlite3.0.tbd */,
				990954F01C85D5C300797FFF /* Record */,
				990954EF1C85D5C300797FFF /* Products */,
			);
			sourceTree = "<group>";
		};
		990954EF1C85D5C300797FFF /* Products */ = {
			isa = PBXGroup;
			children = (
				990954EE1C85D5C300797FFF /* Record.app */,
			);
			name = Products;
			sourceTree = "<group>";
		};
		990954F01C85D5C300797FFF /* Record */ = {
			isa = PBXGroup;
			children = (
				999FAE1C1C8C32F80083C6B0 /* Others */,
				999FAE001C8C26300083C6B0 /* Calendar */,
				999FADF61C8C0C0C0083C6B0 /* Data */,
				99D90FCC1C886EF300B1617D /* Util */,
				9909551D1C85E45700797FFF /* View */,
				9909551C1C85D7A300797FFF /* ViewController */,
				9909551B1C85D79000797FFF /* Manager */,
				9909551A1C85D77F00797FFF /* Extension */,
				990954F41C85D5C300797FFF /* AppDelegate.h */,
				990954F51C85D5C300797FFF /* AppDelegate.m */,
				996004B91C944736001EFD89 /* Header.h */,
				990955001C85D5C300797FFF /* Assets.xcassets */,
				990955051C85D5C300797FFF /* Info.plist */,
				990954FD1C85D5C300797FFF /* Record.xcdatamodeld */,
				990954F11C85D5C300797FFF /* Supporting Files */,
			);
			path = Record;
			sourceTree = "<group>";
		};
		990954F11C85D5C300797FFF /* Supporting Files */ = {
			isa = PBXGroup;
			children = (
				990955211C85E6E000797FFF /* Record-Prefix.pch */,
				990954F21C85D5C300797FFF /* main.m */,
			);
			name = "Supporting Files";
			sourceTree = "<group>";
		};
		9909551A1C85D77F00797FFF /* Extension */ = {
			isa = PBXGroup;
			children = (
				990955111C85D77A00797FFF /* Extension.h */,
				990955121C85D77A00797FFF /* Extension.m */,
				990955131C85D77A00797FFF /* NSExtension.h */,
				990955141C85D77A00797FFF /* NSExtension.m */,
				990955151C85D77A00797FFF /* UIExtension.h */,
				990955161C85D77A00797FFF /* UIExtension.m */,
			);
			name = Extension;
			sourceTree = "<group>";
		};
		9909551B1C85D79000797FFF /* Manager */ = {
			isa = PBXGroup;
			children = (
				999FAE2D1C8C578F0083C6B0 /* AdManager.h */,
				999FAE2E1C8C578F0083C6B0 /* AdManager.m */,
				9909550E1C85D76F00797FFF /* AppManager.h */,
				9909550F1C85D76F00797FFF /* AppManager.m */,
				999FADFA1C8C124A0083C6B0 /* MessageManager.h */,
				999FADFB1C8C124A0083C6B0 /* MessageManager.m */,
				999FADF31C8C03E70083C6B0 /* RecordManager.h */,
				999FADF41C8C03E70083C6B0 /* RecordManager.m */,
				999FADF01C8BE1AE0083C6B0 /* ReminderManager.h */,
				999FADF11C8BE1AE0083C6B0 /* ReminderManager.m */,
				99C749E61C91AB8B0054829C /* ScheduleManager.h */,
				99C749E71C91AB8B0054829C /* ScheduleManager.m */,
			);
			name = Manager;
			sourceTree = "<group>";
		};
		9909551C1C85D7A300797FFF /* ViewController */ = {
			isa = PBXGroup;
			children = (
				9909550B1C85D76300797FFF /* BaseViewController.h */,
				9909550C1C85D76300797FFF /* BaseViewController.m */,
				996004BD1C9467D4001EFD89 /* CalendarViewDelegate.h */,
				996004BE1C9467D4001EFD89 /* CalendarViewDelegate.m */,
				990954F71C85D5C300797FFF /* MainViewController.h */,
				990954F81C85D5C300797FFF /* MainViewController.m */,
				996004C31C954C2D001EFD89 /* MessageViewDelegate.h */,
				996004C41C954C2D001EFD89 /* MessageViewDelegate.m */,
				996004BA1C946499001EFD89 /* PackViewDelegate.h */,
				996004BB1C946499001EFD89 /* PackViewDelegate.m */,
				99D90FC91C886B5300B1617D /* SettingViewController.h */,
				99D90FCA1C886B5300B1617D /* SettingViewController.m */,
				99C749EC1C91BE930054829C /* TextEditViewController.h */,
				99C749ED1C91BE930054829C /* TextEditViewController.m */,
				996004B31C944453001EFD89 /* WebViewController.h */,
				996004B41C944453001EFD89 /* WebViewController.m */,
			);
			name = ViewController;
			sourceTree = "<group>";
		};
		9909551D1C85E45700797FFF /* View */ = {
			isa = PBXGroup;
			children = (
				9909551E1C85E47800797FFF /* HelpView.h */,
				9909551F1C85E47800797FFF /* HelpView.m */,
				998DE7DA1C89C42C00C3AA81 /* PackCollectionViewCell.h */,
				998DE7DB1C89C42C00C3AA81 /* PackCollectionViewCell.m */,
				999FAE251C8C4A200083C6B0 /* MessageCell.h */,
				999FAE261C8C4A200083C6B0 /* MessageCell.m */,
				993D5A1F1C90649E004A42CE /* SettingCell.h */,
				993D5A201C90649E004A42CE /* SettingCell.m */,
				996004C91C95B1DE001EFD89 /* StartView.h */,
				996004CA1C95B1DE001EFD89 /* StartView.m */,
			);
			name = View;
			sourceTree = "<group>";
		};
		993D5A221C9069EA004A42CE /* UMOnlineConfig */ = {
			isa = PBXGroup;
			children = (
				993D5A231C9069F4004A42CE /* libUMOnlineConfig.a */,
				993D5A241C9069F4004A42CE /* UMOnlineConfig.h */,
			);
			name = UMOnlineConfig;
			sourceTree = "<group>";
		};
		996004C61C95AF92001EFD89 /* Resource */ = {
			isa = PBXGroup;
			children = (
				996004C71C95AF9D001EFD89 /* image.xcassets */,
			);
			name = Resource;
			sourceTree = "<group>";
		};
		999FADF61C8C0C0C0083C6B0 /* Data */ = {
			isa = PBXGroup;
			children = (
				999FADF71C8C0C200083C6B0 /* Record.h */,
				999FADF81C8C0C200083C6B0 /* Record.m */,
				999FADFD1C8C125F0083C6B0 /* Message.h */,
				999FADFE1C8C125F0083C6B0 /* Message.m */,
			);
			name = Data;
			sourceTree = "<group>";
		};
		999FAE001C8C26300083C6B0 /* Calendar */ = {
			isa = PBXGroup;
			children = (
				999FAE011C8C26420083C6B0 /* CalendarDayCell.h */,
				999FAE021C8C26420083C6B0 /* CalendarDayCell.m */,
				999FAE031C8C26420083C6B0 /* CalendarDayModel.h */,
				999FAE041C8C26420083C6B0 /* CalendarDayModel.m */,
				999FAE071C8C26420083C6B0 /* CalendarLogic.h */,
				999FAE081C8C26420083C6B0 /* CalendarLogic.m */,
				999FAE091C8C26420083C6B0 /* CalendarMonthCollectionViewLayout.h */,
				999FAE0A1C8C26420083C6B0 /* CalendarMonthCollectionViewLayout.m */,
				999FAE0B1C8C26420083C6B0 /* CalendarMonthHeaderView.h */,
				999FAE0C1C8C26420083C6B0 /* CalendarMonthHeaderView.m */,
				999FAE0F1C8C26420083C6B0 /* chack.png */,
				999FAE101C8C26420083C6B0 /* Color.h */,
				999FAE111C8C26420083C6B0 /* NSDate+WQCalendarLogic.h */,
				999FAE121C8C26420083C6B0 /* NSDate+WQCalendarLogic.m */,
			);
			name = Calendar;
			sourceTree = "<group>";
		};
		999FAE1C1C8C32F80083C6B0 /* Others */ = {
			isa = PBXGroup;
			children = (
				993D5A221C9069EA004A42CE /* UMOnlineConfig */,
				999FAE2A1C8C57450083C6B0 /* Admob */,
				999FAE1D1C8C32FE0083C6B0 /* UMAnalytics */,
			);
			name = Others;
			sourceTree = "<group>";
		};
		999FAE1D1C8C32FE0083C6B0 /* UMAnalytics */ = {
			isa = PBXGroup;
			children = (
				999FAE1E1C8C33130083C6B0 /* libMobClickLibrary.a */,
				999FAE1F1C8C33130083C6B0 /* MobClick.h */,
				999FAE201C8C33130083C6B0 /* MobClickSocialAnalytics.h */,
			);
			name = UMAnalytics;
			sourceTree = "<group>";
		};
		999FAE2A1C8C57450083C6B0 /* Admob */ = {
			isa = PBXGroup;
			children = (
				999FAE2B1C8C574D0083C6B0 /* GoogleMobileAds.framework */,
			);
			name = Admob;
			sourceTree = "<group>";
		};
		99D90FCC1C886EF300B1617D /* Util */ = {
			isa = PBXGroup;
			children = (
				999FAE221C8C346C0083C6B0 /* AnalyticsUtil.h */,
				999FAE231C8C346C0083C6B0 /* AnalyticsUtil.m */,
				99D90FD21C88834200B1617D /* NotifyUtil.h */,
				99D90FD31C88834200B1617D /* NotifyUtil.m */,
				993D5A261C906A2E004A42CE /* OnlineConfigUtil.h */,
				993D5A271C906A2E004A42CE /* OnlineConfigUtil.m */,
				99D90FCD1C886F0F00B1617D /* SqlUtil.h */,
				99D90FCE1C886F0F00B1617D /* SqlUtil.m */,
				996004B61C944659001EFD89 /* UrlUtil.h */,
				996004B71C944659001EFD89 /* UrlUtil.m */,
			);
			name = Util;
			sourceTree = "<group>";
		};
/* End PBXGroup section */

/* Begin PBXNativeTarget section */
		990954ED1C85D5C300797FFF /* Record */ = {
			isa = PBXNativeTarget;
			buildConfigurationList = 990955081C85D5C300797FFF /* Build configuration list for PBXNativeTarget "Record" */;
			buildPhases = (
				990954EA1C85D5C300797FFF /* Sources */,
				990954EB1C85D5C300797FFF /* Frameworks */,
				990954EC1C85D5C300797FFF /* Resources */,
			);
			buildRules = (
			);
			dependencies = (
			);
			name = Record;
			productName = Record;
			productReference = 990954EE1C85D5C300797FFF /* Record.app */;
			productType = "com.apple.product-type.application";
		};
/* End PBXNativeTarget section */

/* Begin PBXProject section */
		990954E61C85D5C300797FFF /* Project object */ = {
			isa = PBXProject;
			attributes = {
				LastUpgradeCheck = 0720;
				ORGANIZATIONNAME = "Jehy Fan";
				TargetAttributes = {
					990954ED1C85D5C300797FFF = {
						CreatedOnToolsVersion = 7.2;
					};
				};
			};
			buildConfigurationList = 990954E91C85D5C300797FFF /* Build configuration list for PBXProject "Record" */;
			compatibilityVersion = "Xcode 3.2";
			developmentRegion = English;
			hasScannedForEncodings = 0;
			knownRegions = (
				en,
				Base,
			);
			mainGroup = 990954E51C85D5C300797FFF;
			productRefGroup = 990954EF1C85D5C300797FFF /* Products */;
			projectDirPath = "";
			projectRoot = "";
			targets = (
				990954ED1C85D5C300797FFF /* Record */,
			);
		};
/* End PBXProject section */

/* Begin PBXResourcesBuildPhase section */
		990954EC1C85D5C300797FFF /* Resources */ = {
			isa = PBXResourcesBuildPhase;
			buildActionMask = 2147483647;
			files = (
				996004C81C95AF9D001EFD89 /* image.xcassets in Resources */,
				999FAE1A1C8C26420083C6B0 /* chack.png in Resources */,
				990955011C85D5C300797FFF /* Assets.xcassets in Resources */,
			);
			runOnlyForDeploymentPostprocessing = 0;
		};
/* End PBXResourcesBuildPhase section */

/* Begin PBXSourcesBuildPhase section */
		990954EA1C85D5C300797FFF /* Sources */ = {
			isa = PBXSourcesBuildPhase;
			buildActionMask = 2147483647;
			files = (
				990954F91C85D5C300797FFF /* MainViewController.m in Sources */,
				996004BF1C9467D4001EFD89 /* CalendarViewDelegate.m in Sources */,
				996004B51C944453001EFD89 /* WebViewController.m in Sources */,
				99C749EE1C91BE930054829C /* TextEditViewController.m in Sources */,
				999FADF51C8C03E70083C6B0 /* RecordManager.m in Sources */,
				9909550D1C85D76300797FFF /* BaseViewController.m in Sources */,
				999FAE241C8C346C0083C6B0 /* AnalyticsUtil.m in Sources */,
				990955171C85D77A00797FFF /* Extension.m in Sources */,
				990954F61C85D5C300797FFF /* AppDelegate.m in Sources */,
				999FAE131C8C26420083C6B0 /* CalendarDayCell.m in Sources */,
				999FAE2F1C8C578F0083C6B0 /* AdManager.m in Sources */,
				998DE7DC1C89C42C00C3AA81 /* PackCollectionViewCell.m in Sources */,
				993D5A281C906A2E004A42CE /* OnlineConfigUtil.m in Sources */,
				996004CB1C95B1DE001EFD89 /* StartView.m in Sources */,
				996004B81C944659001EFD89 /* UrlUtil.m in Sources */,
				999FADFC1C8C124A0083C6B0 /* MessageManager.m in Sources */,
				99D90FD41C88834200B1617D /* NotifyUtil.m in Sources */,
				990954FF1C85D5C300797FFF /* Record.xcdatamodeld in Sources */,
				999FAE171C8C26420083C6B0 /* CalendarMonthCollectionViewLayout.m in Sources */,
				99D90FCF1C886F0F00B1617D /* SqlUtil.m in Sources */,
				990955201C85E47800797FFF /* HelpView.m in Sources */,
				999FADF91C8C0C200083C6B0 /* Record.m in Sources */,
				990954F31C85D5C300797FFF /* main.m in Sources */,
				996004BC1C946499001EFD89 /* PackViewDelegate.m in Sources */,
				990955191C85D77A00797FFF /* UIExtension.m in Sources */,
				990955181C85D77A00797FFF /* NSExtension.m in Sources */,
				990955101C85D76F00797FFF /* AppManager.m in Sources */,
				996004C51C954C2D001EFD89 /* MessageViewDelegate.m in Sources */,
				999FAE161C8C26420083C6B0 /* CalendarLogic.m in Sources */,
				99C749E81C91AB8B0054829C /* ScheduleManager.m in Sources */,
				999FADF21C8BE1AE0083C6B0 /* ReminderManager.m in Sources */,
				999FADFF1C8C125F0083C6B0 /* Message.m in Sources */,
				999FAE181C8C26420083C6B0 /* CalendarMonthHeaderView.m in Sources */,
				999FAE1B1C8C26420083C6B0 /* NSDate+WQCalendarLogic.m in Sources */,
				999FAE141C8C26420083C6B0 /* CalendarDayModel.m in Sources */,
				993D5A211C90649E004A42CE /* SettingCell.m in Sources */,
				99D90FCB1C886B5300B1617D /* SettingViewController.m in Sources */,
				999FAE271C8C4A200083C6B0 /* MessageCell.m in Sources */,
			);
			runOnlyForDeploymentPostprocessing = 0;
		};
/* End PBXSourcesBuildPhase section */

/* Begin XCBuildConfiguration section */
		990955061C85D5C300797FFF /* Debug */ = {
			isa = XCBuildConfiguration;
			buildSettings = {
				ALWAYS_SEARCH_USER_PATHS = NO;
				CLANG_CXX_LANGUAGE_STANDARD = "gnu++0x";
				CLANG_CXX_LIBRARY = "libc++";
				CLANG_ENABLE_MODULES = YES;
				CLANG_ENABLE_OBJC_ARC = YES;
				CLANG_WARN_BOOL_CONVERSION = YES;
				CLANG_WARN_CONSTANT_CONVERSION = YES;
				CLANG_WARN_DIRECT_OBJC_ISA_USAGE = YES_ERROR;
				CLANG_WARN_EMPTY_BODY = YES;
				CLANG_WARN_ENUM_CONVERSION = YES;
				CLANG_WARN_INT_CONVERSION = YES;
				CLANG_WARN_OBJC_ROOT_CLASS = YES_ERROR;
				CLANG_WARN_UNREACHABLE_CODE = YES;
				CLANG_WARN__DUPLICATE_METHOD_MATCH = YES;
				"CODE_SIGN_IDENTITY[sdk=iphoneos*]" = "iPhone Developer";
				COPY_PHASE_STRIP = NO;
				DEBUG_INFORMATION_FORMAT = dwarf;
				ENABLE_STRICT_OBJC_MSGSEND = YES;
				ENABLE_TESTABILITY = YES;
				GCC_C_LANGUAGE_STANDARD = gnu99;
				GCC_DYNAMIC_NO_PIC = NO;
				GCC_NO_COMMON_BLOCKS = YES;
				GCC_OPTIMIZATION_LEVEL = 0;
				GCC_PREPROCESSOR_DEFINITIONS = (
					"DEBUG=1",
					"$(inherited)",
				);
				GCC_WARN_64_TO_32_BIT_CONVERSION = YES;
				GCC_WARN_ABOUT_RETURN_TYPE = YES_ERROR;
				GCC_WARN_UNDECLARED_SELECTOR = YES;
				GCC_WARN_UNINITIALIZED_AUTOS = YES_AGGRESSIVE;
				GCC_WARN_UNUSED_FUNCTION = YES;
				GCC_WARN_UNUSED_VARIABLE = YES;
				IPHONEOS_DEPLOYMENT_TARGET = 9.2;
				MTL_ENABLE_DEBUG_INFO = YES;
				ONLY_ACTIVE_ARCH = YES;
				SDKROOT = iphoneos;
				TARGETED_DEVICE_FAMILY = "1,2";
			};
			name = Debug;
		};
		990955071C85D5C300797FFF /* Release */ = {
			isa = XCBuildConfiguration;
			buildSettings = {
				ALWAYS_SEARCH_USER_PATHS = NO;
				CLANG_CXX_LANGUAGE_STANDARD = "gnu++0x";
				CLANG_CXX_LIBRARY = "libc++";
				CLANG_ENABLE_MODULES = YES;
				CLANG_ENABLE_OBJC_ARC = YES;
				CLANG_WARN_BOOL_CONVERSION = YES;
				CLANG_WARN_CONSTANT_CONVERSION = YES;
				CLANG_WARN_DIRECT_OBJC_ISA_USAGE = YES_ERROR;
				CLANG_WARN_EMPTY_BODY = YES;
				CLANG_WARN_ENUM_CONVERSION = YES;
				CLANG_WARN_INT_CONVERSION = YES;
				CLANG_WARN_OBJC_ROOT_CLASS = YES_ERROR;
				CLANG_WARN_UNREACHABLE_CODE = YES;
				CLANG_WARN__DUPLICATE_METHOD_MATCH = YES;
				"CODE_SIGN_IDENTITY[sdk=iphoneos*]" = "iPhone Developer";
				COPY_PHASE_STRIP = NO;
				DEBUG_INFORMATION_FORMAT = "dwarf-with-dsym";
				ENABLE_NS_ASSERTIONS = NO;
				ENABLE_STRICT_OBJC_MSGSEND = YES;
				GCC_C_LANGUAGE_STANDARD = gnu99;
				GCC_NO_COMMON_BLOCKS = YES;
				GCC_WARN_64_TO_32_BIT_CONVERSION = YES;
				GCC_WARN_ABOUT_RETURN_TYPE = YES_ERROR;
				GCC_WARN_UNDECLARED_SELECTOR = YES;
				GCC_WARN_UNINITIALIZED_AUTOS = YES_AGGRESSIVE;
				GCC_WARN_UNUSED_FUNCTION = YES;
				GCC_WARN_UNUSED_VARIABLE = YES;
				IPHONEOS_DEPLOYMENT_TARGET = 9.2;
				MTL_ENABLE_DEBUG_INFO = NO;
				SDKROOT = iphoneos;
				TARGETED_DEVICE_FAMILY = "1,2";
				VALIDATE_PRODUCT = YES;
			};
			name = Release;
		};
		990955091C85D5C300797FFF /* Debug */ = {
			isa = XCBuildConfiguration;
			buildSettings = {
				ASSETCATALOG_COMPILER_APPICON_NAME = AppIcon;
				FRAMEWORK_SEARCH_PATHS = (
					"$(inherited)",
					"$(PROJECT_DIR)/Record/Others/Admob",
				);
				GCC_PREFIX_HEADER = "Record/Record-Prefix.pch";
				INFOPLIST_FILE = Record/Info.plist;
				IPHONEOS_DEPLOYMENT_TARGET = 7.0;
				LD_RUNPATH_SEARCH_PATHS = "$(inherited) @executable_path/Frameworks";
				LIBRARY_SEARCH_PATHS = (
					"$(inherited)",
					"$(PROJECT_DIR)/Record/Others/UMAnalytics",
					"$(PROJECT_DIR)/Record/Others/UMOnlineConfig",
				);
				PRODUCT_BUNDLE_IDENTIFIER = aaa.Record;
				PRODUCT_NAME = "$(TARGET_NAME)";
			};
			name = Debug;
		};
		9909550A1C85D5C300797FFF /* Release */ = {
			isa = XCBuildConfiguration;
			buildSettings = {
				ASSETCATALOG_COMPILER_APPICON_NAME = AppIcon;
				FRAMEWORK_SEARCH_PATHS = (
					"$(inherited)",
					"$(PROJECT_DIR)/Record/Others/Admob",
				);
				GCC_PREFIX_HEADER = "Record/Record-Prefix.pch";
				INFOPLIST_FILE = Record/Info.plist;
				IPHONEOS_DEPLOYMENT_TARGET = 7.0;
				LD_RUNPATH_SEARCH_PATHS = "$(inherited) @executable_path/Frameworks";
				LIBRARY_SEARCH_PATHS = (
					"$(inherited)",
					"$(PROJECT_DIR)/Record/Others/UMAnalytics",
					"$(PROJECT_DIR)/Record/Others/UMOnlineConfig",
				);
				PRODUCT_BUNDLE_IDENTIFIER = aaa.Record;
				PRODUCT_NAME = "$(TARGET_NAME)";
			};
			name = Release;
		};
/* End XCBuildConfiguration section */

/* Begin XCConfigurationList section */
		990954E91C85D5C300797FFF /* Build configuration list for PBXProject "Record" */ = {
			isa = XCConfigurationList;
			buildConfigurations = (
				990955061C85D5C300797FFF /* Debug */,
				990955071C85D5C300797FFF /* Release */,
			);
			defaultConfigurationIsVisible = 0;
			defaultConfigurationName = Release;
		};
		990955081C85D5C300797FFF /* Build configuration list for PBXNativeTarget "Record" */ = {
			isa = XCConfigurationList;
			buildConfigurations = (
				990955091C85D5C300797FFF /* Debug */,
				9909550A1C85D5C300797FFF /* Release */,
			);
			defaultConfigurationIsVisible = 0;
			defaultConfigurationName = Release;
		};
/* End XCConfigurationList section */

/* Begin XCVersionGroup section */
		990954FD1C85D5C300797FFF /* Record.xcdatamodeld */ = {
			isa = XCVersionGroup;
			children = (
				990954FE1C85D5C300797FFF /* Record.xcdatamodel */,
			);
			currentVersion = 990954FE1C85D5C300797FFF /* Record.xcdatamodel */;
			path = Record.xcdatamodeld;
			sourceTree = "<group>";
			versionGroupType = wrapper.xcdatamodel;
		};
/* End XCVersionGroup section */
	};
	rootObject = 990954E61C85D5C300797FFF /* Project object */;
}
