// !$*UTF8*$!
{
	archiveVersion = 1;
	classes = {
	};
	objectVersion = 46;
	objects = {

/* Begin PBXBuildFile section */
		990954F31C85D5C300797FFF /* main.m in Sources */ = {isa = PBXBuildFile; fileRef = 990954F21C85D5C300797FFF /* main.m */; };
		990954F61C85D5C300797FFF /* AppDelegate.m in Sources */ = {isa = PBXBuildFile; fileRef = 990954F51C85D5C300797FFF /* AppDelegate.m */; };
		990954F91C85D5C300797FFF /* MainViewController.m in Sources */ = {isa = PBXBuildFile; fileRef = 990954F81C85D5C300797FFF /* MainViewController.m */; };
		990954FF1C85D5C300797FFF /* Record.xcdatamodeld in Sources */ = {isa = PBXBuildFile; fileRef = 990954FD1C85D5C300797FFF /* Record.xcdatamodeld */; };
		990955011C85D5C300797FFF /* Assets.xcassets in Resources */ = {isa = PBXBuildFile; fileRef = 990955001C85D5C300797FFF /* Assets.xcassets */; };
		9909550D1C85D76300797FFF /* BaseViewController.m in Sources */ = {isa = PBXBuildFile; fileRef = 9909550C1C85D76300797FFF /* BaseViewController.m */; };
		990955101C85D76F00797FFF /* AppManager.m in Sources */ = {isa = PBXBuildFile; fileRef = 9909550F1C85D76F00797FFF /* AppManager.m */; };
		990955171C85D77A00797FFF /* Extension.m in Sources */ = {isa = PBXBuildFile; fileRef = 990955121C85D77A00797FFF /* Extension.m */; };
		990955181C85D77A00797FFF /* NSExtension.m in Sources */ = {isa = PBXBuildFile; fileRef = 990955141C85D77A00797FFF /* NSExtension.m */; };
		990955191C85D77A00797FFF /* UIExtension.m in Sources */ = {isa = PBXBuildFile; fileRef = 990955161C85D77A00797FFF /* UIExtension.m */; };
		990955201C85E47800797FFF /* HelpView.m in Sources */ = {isa = PBXBuildFile; fileRef = 9909551F1C85E47800797FFF /* HelpView.m */; };
		990F88731C984809000C500E /* PillButton.m in Sources */ = {isa = PBXBuildFile; fileRef = 990F88721C984809000C500E /* PillButton.m */; };
		991163BC1CA9733C0068F9A6 /* SoundsViewController.m in Sources */ = {isa = PBXBuildFile; fileRef = 991163BB1CA9733C0068F9A6 /* SoundsViewController.m */; };
		9911927D1CD3645800F12A5A /* LaunchView.m in Sources */ = {isa = PBXBuildFile; fileRef = 9911927C1CD3645800F12A5A /* LaunchView.m */; };
		991192881CD47C6D00F12A5A /* Default-375w-667h@2x.png in Resources */ = {isa = PBXBuildFile; fileRef = 991192831CD47C6D00F12A5A /* Default-375w-667h@2x.png */; };
		991192891CD47C6D00F12A5A /* Default-414w-736h@3x.png in Resources */ = {isa = PBXBuildFile; fileRef = 991192841CD47C6D00F12A5A /* Default-414w-736h@3x.png */; };
		9911928A1CD47C6D00F12A5A /* Default-568h@2x.png in Resources */ = {isa = PBXBuildFile; fileRef = 991192851CD47C6D00F12A5A /* Default-568h@2x.png */; };
		9911928B1CD47C6D00F12A5A /* Default-Portrait~ipad@2x.png in Resources */ = {isa = PBXBuildFile; fileRef = 991192861CD47C6D00F12A5A /* Default-Portrait~ipad@2x.png */; };
		9911928C1CD47C6D00F12A5A /* Default@2x.png in Resources */ = {isa = PBXBuildFile; fileRef = 991192871CD47C6D00F12A5A /* Default@2x.png */; };
		99152ACD1CB95EDE00AD7D69 /* AudioManager.m in Sources */ = {isa = PBXBuildFile; fileRef = 99152ACC1CB95EDE00AD7D69 /* AudioManager.m */; };
		9923080F1CA6A73A00BA6994 /* CalendarMenuView.m in Sources */ = {isa = PBXBuildFile; fileRef = 9923080E1CA6A73A00BA6994 /* CalendarMenuView.m */; };
		992308121CA6A76600BA6994 /* LegendView.m in Sources */ = {isa = PBXBuildFile; fileRef = 992308111CA6A76600BA6994 /* LegendView.m */; };
		992B579C1C9EE4CC00C96C55 /* FMDatabase.m in Sources */ = {isa = PBXBuildFile; fileRef = 992B57921C9EE4CC00C96C55 /* FMDatabase.m */; };
		992B579D1C9EE4CC00C96C55 /* FMDatabaseAdditions.m in Sources */ = {isa = PBXBuildFile; fileRef = 992B57941C9EE4CC00C96C55 /* FMDatabaseAdditions.m */; };
		992B579E1C9EE4CC00C96C55 /* FMDatabasePool.m in Sources */ = {isa = PBXBuildFile; fileRef = 992B57961C9EE4CC00C96C55 /* FMDatabasePool.m */; };
		992B579F1C9EE4CC00C96C55 /* FMDatabaseQueue.m in Sources */ = {isa = PBXBuildFile; fileRef = 992B57981C9EE4CC00C96C55 /* FMDatabaseQueue.m */; };
		992B57A01C9EE4CC00C96C55 /* FMResultSet.m in Sources */ = {isa = PBXBuildFile; fileRef = 992B579B1C9EE4CC00C96C55 /* FMResultSet.m */; };
		993D5A211C90649E004A42CE /* SettingCell.m in Sources */ = {isa = PBXBuildFile; fileRef = 993D5A201C90649E004A42CE /* SettingCell.m */; };
		993D5A251C9069F4004A42CE /* libUMOnlineConfig.a in Frameworks */ = {isa = PBXBuildFile; fileRef = 993D5A231C9069F4004A42CE /* libUMOnlineConfig.a */; };
		993D5A281C906A2E004A42CE /* OnlineConfigUtil.m in Sources */ = {isa = PBXBuildFile; fileRef = 993D5A271C906A2E004A42CE /* OnlineConfigUtil.m */; };
		996004B51C944453001EFD89 /* WebViewController.m in Sources */ = {isa = PBXBuildFile; fileRef = 996004B41C944453001EFD89 /* WebViewController.m */; };
		996004B81C944659001EFD89 /* UrlUtil.m in Sources */ = {isa = PBXBuildFile; fileRef = 996004B71C944659001EFD89 /* UrlUtil.m */; };
		996004BF1C9467D4001EFD89 /* CalendarViewDelegate.m in Sources */ = {isa = PBXBuildFile; fileRef = 996004BE1C9467D4001EFD89 /* CalendarViewDelegate.m */; };
		996004C51C954C2D001EFD89 /* MessageViewDelegate.m in Sources */ = {isa = PBXBuildFile; fileRef = 996004C41C954C2D001EFD89 /* MessageViewDelegate.m */; };
		996004C81C95AF9D001EFD89 /* image.xcassets in Resources */ = {isa = PBXBuildFile; fileRef = 996004C71C95AF9D001EFD89 /* image.xcassets */; };
		996004CB1C95B1DE001EFD89 /* StartView.m in Sources */ = {isa = PBXBuildFile; fileRef = 996004CA1C95B1DE001EFD89 /* StartView.m */; };
		996C124E1CD5B91D007253C6 /* LanguagesViewController.m in Sources */ = {isa = PBXBuildFile; fileRef = 996C124D1CD5B91D007253C6 /* LanguagesViewController.m */; };
		996C12511CD60EB5007253C6 /* Default.mp3 in Resources */ = {isa = PBXBuildFile; fileRef = 996C12501CD60EB5007253C6 /* Default.mp3 */; };
		998DE7DC1C89C42C00C3AA81 /* PackView.m in Sources */ = {isa = PBXBuildFile; fileRef = 998DE7DB1C89C42C00C3AA81 /* PackView.m */; };
		999FADF21C8BE1AE0083C6B0 /* ReminderManager.m in Sources */ = {isa = PBXBuildFile; fileRef = 999FADF11C8BE1AE0083C6B0 /* ReminderManager.m */; };
		999FADF51C8C03E70083C6B0 /* RecordManager.m in Sources */ = {isa = PBXBuildFile; fileRef = 999FADF41C8C03E70083C6B0 /* RecordManager.m */; };
		999FADF91C8C0C200083C6B0 /* Record.m in Sources */ = {isa = PBXBuildFile; fileRef = 999FADF81C8C0C200083C6B0 /* Record.m */; };
		999FADFC1C8C124A0083C6B0 /* MessageManager.m in Sources */ = {isa = PBXBuildFile; fileRef = 999FADFB1C8C124A0083C6B0 /* MessageManager.m */; };
		999FADFF1C8C125F0083C6B0 /* Message.m in Sources */ = {isa = PBXBuildFile; fileRef = 999FADFE1C8C125F0083C6B0 /* Message.m */; };
		999FAE131C8C26420083C6B0 /* CalendarDayButton.m in Sources */ = {isa = PBXBuildFile; fileRef = 999FAE021C8C26420083C6B0 /* CalendarDayButton.m */; };
		999FAE211C8C33130083C6B0 /* libMobClickLibrary.a in Frameworks */ = {isa = PBXBuildFile; fileRef = 999FAE1E1C8C33130083C6B0 /* libMobClickLibrary.a */; };
		999FAE241C8C346C0083C6B0 /* AnalyticsUtil.m in Sources */ = {isa = PBXBuildFile; fileRef = 999FAE231C8C346C0083C6B0 /* AnalyticsUtil.m */; };
		999FAE271C8C4A200083C6B0 /* MessageCell.m in Sources */ = {isa = PBXBuildFile; fileRef = 999FAE261C8C4A200083C6B0 /* MessageCell.m */; };
		999FAE291C8C4CC20083C6B0 /* libz.tbd in Frameworks */ = {isa = PBXBuildFile; fileRef = 999FAE281C8C4CC20083C6B0 /* libz.tbd */; };
		999FAE2C1C8C574D0083C6B0 /* GoogleMobileAds.framework in Frameworks */ = {isa = PBXBuildFile; fileRef = 999FAE2B1C8C574D0083C6B0 /* GoogleMobileAds.framework */; };
		999FAE2F1C8C578F0083C6B0 /* AdManager.m in Sources */ = {isa = PBXBuildFile; fileRef = 999FAE2E1C8C578F0083C6B0 /* AdManager.m */; };
		99C22ADA1CD77FFA00F0DD2B /* InfoPlist.strings in Resources */ = {isa = PBXBuildFile; fileRef = 99C22ADC1CD77FFA00F0DD2B /* InfoPlist.strings */; };
		99C22AE41CD782C500F0DD2B /* Localizable.strings in Resources */ = {isa = PBXBuildFile; fileRef = 99C22AE61CD782C500F0DD2B /* Localizable.strings */; };
		99C749E81C91AB8B0054829C /* ScheduleManager.m in Sources */ = {isa = PBXBuildFile; fileRef = 99C749E71C91AB8B0054829C /* ScheduleManager.m */; };
		99C749EE1C91BE930054829C /* TextEditViewController.m in Sources */ = {isa = PBXBuildFile; fileRef = 99C749ED1C91BE930054829C /* TextEditViewController.m */; };
		99D90FCB1C886B5300B1617D /* SettingViewController.m in Sources */ = {isa = PBXBuildFile; fileRef = 99D90FCA1C886B5300B1617D /* SettingViewController.m */; };
		99D90FCF1C886F0F00B1617D /* SqlUtil.m in Sources */ = {isa = PBXBuildFile; fileRef = 99D90FCE1C886F0F00B1617D /* SqlUtil.m */; };
		99D90FD11C887A2700B1617D /* libsqlite3.0.tbd in Frameworks */ = {isa = PBXBuildFile; fileRef = 99D90FD01C887A2700B1617D /* libsqlite3.0.tbd */; };
		99D9856C1CCFBD6800285B6F /* Cat.mp3 in Resources */ = {isa = PBXBuildFile; fileRef = 99D985671CCFBD6800285B6F /* Cat.mp3 */; };
		99D9856D1CCFBD6800285B6F /* Chewing.mp3 in Resources */ = {isa = PBXBuildFile; fileRef = 99D985681CCFBD6800285B6F /* Chewing.mp3 */; };
		99D9856E1CCFBD6800285B6F /* Coin.mp3 in Resources */ = {isa = PBXBuildFile; fileRef = 99D985691CCFBD6800285B6F /* Coin.mp3 */; };
		99D9856F1CCFBD6800285B6F /* Drums.mp3 in Resources */ = {isa = PBXBuildFile; fileRef = 99D9856A1CCFBD6800285B6F /* Drums.mp3 */; };
		99D985701CCFBD6800285B6F /* Yoho.mp3 in Resources */ = {isa = PBXBuildFile; fileRef = 99D9856B1CCFBD6800285B6F /* Yoho.mp3 */; };
		99F5646E1C9E897C005806A8 /* SettingItem.m in Sources */ = {isa = PBXBuildFile; fileRef = 99F5646D1C9E897C005806A8 /* SettingItem.m */; };
/* End PBXBuildFile section */

/* Begin PBXFileReference section */
		990954EE1C85D5C300797FFF /* Reminder.app */ = {isa = PBXFileReference; explicitFileType = wrapper.application; includeInIndex = 0; path = Reminder.app; sourceTree = BUILT_PRODUCTS_DIR; };
		990954F21C85D5C300797FFF /* main.m */ = {isa = PBXFileReference; lastKnownFileType = sourcecode.c.objc; path = main.m; sourceTree = "<group>"; };
		990954F41C85D5C300797FFF /* AppDelegate.h */ = {isa = PBXFileReference; lastKnownFileType = sourcecode.c.h; path = AppDelegate.h; sourceTree = "<group>"; };
		990954F51C85D5C300797FFF /* AppDelegate.m */ = {isa = PBXFileReference; lastKnownFileType = sourcecode.c.objc; path = AppDelegate.m; sourceTree = "<group>"; };
		990954F71C85D5C300797FFF /* MainViewController.h */ = {isa = PBXFileReference; lastKnownFileType = sourcecode.c.h; path = MainViewController.h; sourceTree = "<group>"; };
		990954F81C85D5C300797FFF /* MainViewController.m */ = {isa = PBXFileReference; lastKnownFileType = sourcecode.c.objc; path = MainViewController.m; sourceTree = "<group>"; };
		990954FE1C85D5C300797FFF /* Record.xcdatamodel */ = {isa = PBXFileReference; lastKnownFileType = wrapper.xcdatamodel; path = Record.xcdatamodel; sourceTree = "<group>"; };
		990955001C85D5C300797FFF /* Assets.xcassets */ = {isa = PBXFileReference; lastKnownFileType = folder.assetcatalog; name = Assets.xcassets; path = Record/Assets.xcassets; sourceTree = "<group>"; };
		9909550B1C85D76300797FFF /* BaseViewController.h */ = {isa = PBXFileReference; fileEncoding = 4; lastKnownFileType = sourcecode.c.h; name = BaseViewController.h; path = ViewController/BaseViewController.h; sourceTree = "<group>"; };
		9909550C1C85D76300797FFF /* BaseViewController.m */ = {isa = PBXFileReference; fileEncoding = 4; lastKnownFileType = sourcecode.c.objc; name = BaseViewController.m; path = ViewController/BaseViewController.m; sourceTree = "<group>"; };
		9909550E1C85D76F00797FFF /* AppManager.h */ = {isa = PBXFileReference; fileEncoding = 4; lastKnownFileType = sourcecode.c.h; name = AppManager.h; path = Manager/AppManager.h; sourceTree = "<group>"; };
		9909550F1C85D76F00797FFF /* AppManager.m */ = {isa = PBXFileReference; fileEncoding = 4; lastKnownFileType = sourcecode.c.objc; name = AppManager.m; path = Manager/AppManager.m; sourceTree = "<group>"; };
		990955111C85D77A00797FFF /* Extension.h */ = {isa = PBXFileReference; fileEncoding = 4; lastKnownFileType = sourcecode.c.h; name = Extension.h; path = Extension/Extension.h; sourceTree = "<group>"; };
		990955121C85D77A00797FFF /* Extension.m */ = {isa = PBXFileReference; fileEncoding = 4; lastKnownFileType = sourcecode.c.objc; name = Extension.m; path = Extension/Extension.m; sourceTree = "<group>"; };
		990955131C85D77A00797FFF /* NSExtension.h */ = {isa = PBXFileReference; fileEncoding = 4; lastKnownFileType = sourcecode.c.h; name = NSExtension.h; path = Extension/NSExtension.h; sourceTree = "<group>"; };
		990955141C85D77A00797FFF /* NSExtension.m */ = {isa = PBXFileReference; fileEncoding = 4; lastKnownFileType = sourcecode.c.objc; name = NSExtension.m; path = Extension/NSExtension.m; sourceTree = "<group>"; };
		990955151C85D77A00797FFF /* UIExtension.h */ = {isa = PBXFileReference; fileEncoding = 4; lastKnownFileType = sourcecode.c.h; name = UIExtension.h; path = Extension/UIExtension.h; sourceTree = "<group>"; };
		990955161C85D77A00797FFF /* UIExtension.m */ = {isa = PBXFileReference; fileEncoding = 4; lastKnownFileType = sourcecode.c.objc; name = UIExtension.m; path = Extension/UIExtension.m; sourceTree = "<group>"; };
		9909551E1C85E47800797FFF /* HelpView.h */ = {isa = PBXFileReference; fileEncoding = 4; lastKnownFileType = sourcecode.c.h; name = HelpView.h; path = View/HelpView.h; sourceTree = "<group>"; };
		9909551F1C85E47800797FFF /* HelpView.m */ = {isa = PBXFileReference; fileEncoding = 4; lastKnownFileType = sourcecode.c.objc; name = HelpView.m; path = View/HelpView.m; sourceTree = "<group>"; };
		990955211C85E6E000797FFF /* Reminder-Prefix.pch */ = {isa = PBXFileReference; fileEncoding = 4; lastKnownFileType = sourcecode.c.h; path = "Reminder-Prefix.pch"; sourceTree = "<group>"; };
		990F88711C984809000C500E /* PillButton.h */ = {isa = PBXFileReference; fileEncoding = 4; lastKnownFileType = sourcecode.c.h; name = PillButton.h; path = View/PillButton.h; sourceTree = "<group>"; };
		990F88721C984809000C500E /* PillButton.m */ = {isa = PBXFileReference; fileEncoding = 4; lastKnownFileType = sourcecode.c.objc; name = PillButton.m; path = View/PillButton.m; sourceTree = "<group>"; };
		9910AFE21CB2080E006DF5F1 /* Base */ = {isa = PBXFileReference; lastKnownFileType = text.plist.xml; name = Base; path = Base.lproj/Info.plist; sourceTree = "<group>"; };
		991163BA1CA9733C0068F9A6 /* SoundsViewController.h */ = {isa = PBXFileReference; fileEncoding = 4; lastKnownFileType = sourcecode.c.h; name = SoundsViewController.h; path = ViewController/SoundsViewController.h; sourceTree = "<group>"; };
		991163BB1CA9733C0068F9A6 /* SoundsViewController.m */ = {isa = PBXFileReference; fileEncoding = 4; lastKnownFileType = sourcecode.c.objc; name = SoundsViewController.m; path = ViewController/SoundsViewController.m; sourceTree = "<group>"; };
		9911927B1CD3645800F12A5A /* LaunchView.h */ = {isa = PBXFileReference; fileEncoding = 4; lastKnownFileType = sourcecode.c.h; name = LaunchView.h; path = View/LaunchView.h; sourceTree = "<group>"; };
		9911927C1CD3645800F12A5A /* LaunchView.m */ = {isa = PBXFileReference; fileEncoding = 4; lastKnownFileType = sourcecode.c.objc; name = LaunchView.m; path = View/LaunchView.m; sourceTree = "<group>"; };
		991192831CD47C6D00F12A5A /* Default-375w-667h@2x.png */ = {isa = PBXFileReference; lastKnownFileType = image.png; name = "Default-375w-667h@2x.png"; path = "Record/Assets.xcassets/LaunchImage.launchimage/Default-375w-667h@2x.png"; sourceTree = "<group>"; };
		991192841CD47C6D00F12A5A /* Default-414w-736h@3x.png */ = {isa = PBXFileReference; lastKnownFileType = image.png; name = "Default-414w-736h@3x.png"; path = "Record/Assets.xcassets/LaunchImage.launchimage/Default-414w-736h@3x.png"; sourceTree = "<group>"; };
		991192851CD47C6D00F12A5A /* Default-568h@2x.png */ = {isa = PBXFileReference; lastKnownFileType = image.png; name = "Default-568h@2x.png"; path = "Record/Assets.xcassets/LaunchImage.launchimage/Default-568h@2x.png"; sourceTree = "<group>"; };
		991192861CD47C6D00F12A5A /* Default-Portrait~ipad@2x.png */ = {isa = PBXFileReference; lastKnownFileType = image.png; name = "Default-Portrait~ipad@2x.png"; path = "Record/Assets.xcassets/LaunchImage.launchimage/Default-Portrait~ipad@2x.png"; sourceTree = "<group>"; };
		991192871CD47C6D00F12A5A /* Default@2x.png */ = {isa = PBXFileReference; lastKnownFileType = image.png; name = "Default@2x.png"; path = "Record/Assets.xcassets/LaunchImage.launchimage/Default@2x.png"; sourceTree = "<group>"; };
		99152ACB1CB95EDE00AD7D69 /* AudioManager.h */ = {isa = PBXFileReference; fileEncoding = 4; lastKnownFileType = sourcecode.c.h; name = AudioManager.h; path = Manager/AudioManager.h; sourceTree = "<group>"; };
		99152ACC1CB95EDE00AD7D69 /* AudioManager.m */ = {isa = PBXFileReference; fileEncoding = 4; lastKnownFileType = sourcecode.c.objc; name = AudioManager.m; path = Manager/AudioManager.m; sourceTree = "<group>"; };
		9923080D1CA6A73A00BA6994 /* CalendarMenuView.h */ = {isa = PBXFileReference; fileEncoding = 4; lastKnownFileType = sourcecode.c.h; name = CalendarMenuView.h; path = View/CalendarMenuView.h; sourceTree = "<group>"; };
		9923080E1CA6A73A00BA6994 /* CalendarMenuView.m */ = {isa = PBXFileReference; fileEncoding = 4; lastKnownFileType = sourcecode.c.objc; name = CalendarMenuView.m; path = View/CalendarMenuView.m; sourceTree = "<group>"; };
		992308101CA6A76600BA6994 /* LegendView.h */ = {isa = PBXFileReference; fileEncoding = 4; lastKnownFileType = sourcecode.c.h; name = LegendView.h; path = View/LegendView.h; sourceTree = "<group>"; };
		992308111CA6A76600BA6994 /* LegendView.m */ = {isa = PBXFileReference; fileEncoding = 4; lastKnownFileType = sourcecode.c.objc; name = LegendView.m; path = View/LegendView.m; sourceTree = "<group>"; };
		992B57911C9EE4CC00C96C55 /* FMDatabase.h */ = {isa = PBXFileReference; fileEncoding = 4; lastKnownFileType = sourcecode.c.h; name = FMDatabase.h; path = Others/FMDB/FMDatabase.h; sourceTree = "<group>"; };
		992B57921C9EE4CC00C96C55 /* FMDatabase.m */ = {isa = PBXFileReference; fileEncoding = 4; lastKnownFileType = sourcecode.c.objc; name = FMDatabase.m; path = Others/FMDB/FMDatabase.m; sourceTree = "<group>"; };
		992B57931C9EE4CC00C96C55 /* FMDatabaseAdditions.h */ = {isa = PBXFileReference; fileEncoding = 4; lastKnownFileType = sourcecode.c.h; name = FMDatabaseAdditions.h; path = Others/FMDB/FMDatabaseAdditions.h; sourceTree = "<group>"; };
		992B57941C9EE4CC00C96C55 /* FMDatabaseAdditions.m */ = {isa = PBXFileReference; fileEncoding = 4; lastKnownFileType = sourcecode.c.objc; name = FMDatabaseAdditions.m; path = Others/FMDB/FMDatabaseAdditions.m; sourceTree = "<group>"; };
		992B57951C9EE4CC00C96C55 /* FMDatabasePool.h */ = {isa = PBXFileReference; fileEncoding = 4; lastKnownFileType = sourcecode.c.h; name = FMDatabasePool.h; path = Others/FMDB/FMDatabasePool.h; sourceTree = "<group>"; };
		992B57961C9EE4CC00C96C55 /* FMDatabasePool.m */ = {isa = PBXFileReference; fileEncoding = 4; lastKnownFileType = sourcecode.c.objc; name = FMDatabasePool.m; path = Others/FMDB/FMDatabasePool.m; sourceTree = "<group>"; };
		992B57971C9EE4CC00C96C55 /* FMDatabaseQueue.h */ = {isa = PBXFileReference; fileEncoding = 4; lastKnownFileType = sourcecode.c.h; name = FMDatabaseQueue.h; path = Others/FMDB/FMDatabaseQueue.h; sourceTree = "<group>"; };
		992B57981C9EE4CC00C96C55 /* FMDatabaseQueue.m */ = {isa = PBXFileReference; fileEncoding = 4; lastKnownFileType = sourcecode.c.objc; name = FMDatabaseQueue.m; path = Others/FMDB/FMDatabaseQueue.m; sourceTree = "<group>"; };
		992B57991C9EE4CC00C96C55 /* FMDB.h */ = {isa = PBXFileReference; fileEncoding = 4; lastKnownFileType = sourcecode.c.h; name = FMDB.h; path = Others/FMDB/FMDB.h; sourceTree = "<group>"; };
		992B579A1C9EE4CC00C96C55 /* FMResultSet.h */ = {isa = PBXFileReference; fileEncoding = 4; lastKnownFileType = sourcecode.c.h; name = FMResultSet.h; path = Others/FMDB/FMResultSet.h; sourceTree = "<group>"; };
		992B579B1C9EE4CC00C96C55 /* FMResultSet.m */ = {isa = PBXFileReference; fileEncoding = 4; lastKnownFileType = sourcecode.c.objc; name = FMResultSet.m; path = Others/FMDB/FMResultSet.m; sourceTree = "<group>"; };
		992D29201CCC625200F9288A /* Header.h */ = {isa = PBXFileReference; lastKnownFileType = sourcecode.c.h; name = Header.h; path = Header/Header.h; sourceTree = "<group>"; };
		992D29211CCC632B00F9288A /* Notifications.h */ = {isa = PBXFileReference; lastKnownFileType = sourcecode.c.h; name = Notifications.h; path = Header/Notifications.h; sourceTree = "<group>"; };
		992D29221CCC636000F9288A /* Colors.h */ = {isa = PBXFileReference; lastKnownFileType = sourcecode.c.h; name = Colors.h; path = Header/Colors.h; sourceTree = "<group>"; };
		992D29231CCC636000F9288A /* Fonts.h */ = {isa = PBXFileReference; lastKnownFileType = sourcecode.c.h; name = Fonts.h; path = Header/Fonts.h; sourceTree = "<group>"; };
		993D5A1F1C90649E004A42CE /* SettingCell.h */ = {isa = PBXFileReference; fileEncoding = 4; lastKnownFileType = sourcecode.c.h; name = SettingCell.h; path = View/SettingCell.h; sourceTree = "<group>"; };
		993D5A201C90649E004A42CE /* SettingCell.m */ = {isa = PBXFileReference; fileEncoding = 4; lastKnownFileType = sourcecode.c.objc; name = SettingCell.m; path = View/SettingCell.m; sourceTree = "<group>"; };
		993D5A231C9069F4004A42CE /* libUMOnlineConfig.a */ = {isa = PBXFileReference; lastKnownFileType = archive.ar; name = libUMOnlineConfig.a; path = Others/UMOnlineConfig/libUMOnlineConfig.a; sourceTree = "<group>"; };
		993D5A241C9069F4004A42CE /* UMOnlineConfig.h */ = {isa = PBXFileReference; fileEncoding = 4; lastKnownFileType = sourcecode.c.h; name = UMOnlineConfig.h; path = Others/UMOnlineConfig/UMOnlineConfig.h; sourceTree = "<group>"; };
		993D5A261C906A2E004A42CE /* OnlineConfigUtil.h */ = {isa = PBXFileReference; fileEncoding = 4; lastKnownFileType = sourcecode.c.h; name = OnlineConfigUtil.h; path = Util/OnlineConfigUtil.h; sourceTree = "<group>"; };
		993D5A271C906A2E004A42CE /* OnlineConfigUtil.m */ = {isa = PBXFileReference; fileEncoding = 4; lastKnownFileType = sourcecode.c.objc; name = OnlineConfigUtil.m; path = Util/OnlineConfigUtil.m; sourceTree = "<group>"; };
		996004B31C944453001EFD89 /* WebViewController.h */ = {isa = PBXFileReference; fileEncoding = 4; lastKnownFileType = sourcecode.c.h; name = WebViewController.h; path = ViewController/WebViewController.h; sourceTree = "<group>"; };
		996004B41C944453001EFD89 /* WebViewController.m */ = {isa = PBXFileReference; fileEncoding = 4; lastKnownFileType = sourcecode.c.objc; name = WebViewController.m; path = ViewController/WebViewController.m; sourceTree = "<group>"; };
		996004B61C944659001EFD89 /* UrlUtil.h */ = {isa = PBXFileReference; fileEncoding = 4; lastKnownFileType = sourcecode.c.h; name = UrlUtil.h; path = Util/UrlUtil.h; sourceTree = "<group>"; };
		996004B71C944659001EFD89 /* UrlUtil.m */ = {isa = PBXFileReference; fileEncoding = 4; lastKnownFileType = sourcecode.c.objc; name = UrlUtil.m; path = Util/UrlUtil.m; sourceTree = "<group>"; };
		996004BD1C9467D4001EFD89 /* CalendarViewDelegate.h */ = {isa = PBXFileReference; fileEncoding = 4; lastKnownFileType = sourcecode.c.h; path = CalendarViewDelegate.h; sourceTree = "<group>"; };
		996004BE1C9467D4001EFD89 /* CalendarViewDelegate.m */ = {isa = PBXFileReference; fileEncoding = 4; lastKnownFileType = sourcecode.c.objc; path = CalendarViewDelegate.m; sourceTree = "<group>"; };
		996004C31C954C2D001EFD89 /* MessageViewDelegate.h */ = {isa = PBXFileReference; fileEncoding = 4; lastKnownFileType = sourcecode.c.h; path = MessageViewDelegate.h; sourceTree = "<group>"; };
		996004C41C954C2D001EFD89 /* MessageViewDelegate.m */ = {isa = PBXFileReference; fileEncoding = 4; lastKnownFileType = sourcecode.c.objc; path = MessageViewDelegate.m; sourceTree = "<group>"; };
		996004C71C95AF9D001EFD89 /* image.xcassets */ = {isa = PBXFileReference; lastKnownFileType = folder.assetcatalog; name = image.xcassets; path = Record/Resource/image.xcassets; sourceTree = "<group>"; };
		996004C91C95B1DE001EFD89 /* StartView.h */ = {isa = PBXFileReference; fileEncoding = 4; lastKnownFileType = sourcecode.c.h; name = StartView.h; path = View/StartView.h; sourceTree = "<group>"; };
		996004CA1C95B1DE001EFD89 /* StartView.m */ = {isa = PBXFileReference; fileEncoding = 4; lastKnownFileType = sourcecode.c.objc; name = StartView.m; path = View/StartView.m; sourceTree = "<group>"; };
		996C124C1CD5B91D007253C6 /* LanguagesViewController.h */ = {isa = PBXFileReference; fileEncoding = 4; lastKnownFileType = sourcecode.c.h; name = LanguagesViewController.h; path = ViewController/LanguagesViewController.h; sourceTree = "<group>"; };
		996C124D1CD5B91D007253C6 /* LanguagesViewController.m */ = {isa = PBXFileReference; fileEncoding = 4; lastKnownFileType = sourcecode.c.objc; name = LanguagesViewController.m; path = ViewController/LanguagesViewController.m; sourceTree = "<group>"; };
		996C12501CD60EB5007253C6 /* Default.mp3 */ = {isa = PBXFileReference; lastKnownFileType = audio.mp3; name = Default.mp3; path = Record/Resource/sound/Default.mp3; sourceTree = "<group>"; };
		998DE7DA1C89C42C00C3AA81 /* PackView.h */ = {isa = PBXFileReference; fileEncoding = 4; lastKnownFileType = sourcecode.c.h; name = PackView.h; path = View/PackView.h; sourceTree = "<group>"; };
		998DE7DB1C89C42C00C3AA81 /* PackView.m */ = {isa = PBXFileReference; fileEncoding = 4; lastKnownFileType = sourcecode.c.objc; name = PackView.m; path = View/PackView.m; sourceTree = "<group>"; };
		999FADF01C8BE1AE0083C6B0 /* ReminderManager.h */ = {isa = PBXFileReference; fileEncoding = 4; lastKnownFileType = sourcecode.c.h; name = ReminderManager.h; path = Manager/ReminderManager.h; sourceTree = "<group>"; };
		999FADF11C8BE1AE0083C6B0 /* ReminderManager.m */ = {isa = PBXFileReference; fileEncoding = 4; lastKnownFileType = sourcecode.c.objc; name = ReminderManager.m; path = Manager/ReminderManager.m; sourceTree = "<group>"; };
		999FADF31C8C03E70083C6B0 /* RecordManager.h */ = {isa = PBXFileReference; fileEncoding = 4; lastKnownFileType = sourcecode.c.h; name = RecordManager.h; path = Manager/RecordManager.h; sourceTree = "<group>"; };
		999FADF41C8C03E70083C6B0 /* RecordManager.m */ = {isa = PBXFileReference; fileEncoding = 4; lastKnownFileType = sourcecode.c.objc; name = RecordManager.m; path = Manager/RecordManager.m; sourceTree = "<group>"; };
		999FADF71C8C0C200083C6B0 /* Record.h */ = {isa = PBXFileReference; fileEncoding = 4; lastKnownFileType = sourcecode.c.h; path = Record.h; sourceTree = "<group>"; };
		999FADF81C8C0C200083C6B0 /* Record.m */ = {isa = PBXFileReference; fileEncoding = 4; lastKnownFileType = sourcecode.c.objc; path = Record.m; sourceTree = "<group>"; };
		999FADFA1C8C124A0083C6B0 /* MessageManager.h */ = {isa = PBXFileReference; fileEncoding = 4; lastKnownFileType = sourcecode.c.h; name = MessageManager.h; path = Manager/MessageManager.h; sourceTree = "<group>"; };
		999FADFB1C8C124A0083C6B0 /* MessageManager.m */ = {isa = PBXFileReference; fileEncoding = 4; lastKnownFileType = sourcecode.c.objc; name = MessageManager.m; path = Manager/MessageManager.m; sourceTree = "<group>"; };
		999FADFD1C8C125F0083C6B0 /* Message.h */ = {isa = PBXFileReference; fileEncoding = 4; lastKnownFileType = sourcecode.c.h; path = Message.h; sourceTree = "<group>"; };
		999FADFE1C8C125F0083C6B0 /* Message.m */ = {isa = PBXFileReference; fileEncoding = 4; lastKnownFileType = sourcecode.c.objc; path = Message.m; sourceTree = "<group>"; };
		999FAE011C8C26420083C6B0 /* CalendarDayButton.h */ = {isa = PBXFileReference; fileEncoding = 4; lastKnownFileType = sourcecode.c.h; name = CalendarDayButton.h; path = ZFCalendar/CalendarDayButton.h; sourceTree = "<group>"; };
		999FAE021C8C26420083C6B0 /* CalendarDayButton.m */ = {isa = PBXFileReference; fileEncoding = 4; lastKnownFileType = sourcecode.c.objc; name = CalendarDayButton.m; path = ZFCalendar/CalendarDayButton.m; sourceTree = "<group>"; };
		999FAE1E1C8C33130083C6B0 /* libMobClickLibrary.a */ = {isa = PBXFileReference; lastKnownFileType = archive.ar; name = libMobClickLibrary.a; path = Others/UMAnalytics/libMobClickLibrary.a; sourceTree = "<group>"; };
		999FAE1F1C8C33130083C6B0 /* MobClick.h */ = {isa = PBXFileReference; fileEncoding = 4; lastKnownFileType = sourcecode.c.h; name = MobClick.h; path = Others/UMAnalytics/MobClick.h; sourceTree = "<group>"; };
		999FAE201C8C33130083C6B0 /* MobClickSocialAnalytics.h */ = {isa = PBXFileReference; fileEncoding = 4; lastKnownFileType = sourcecode.c.h; name = MobClickSocialAnalytics.h; path = Others/UMAnalytics/MobClickSocialAnalytics.h; sourceTree = "<group>"; };
		999FAE221C8C346C0083C6B0 /* AnalyticsUtil.h */ = {isa = PBXFileReference; fileEncoding = 4; lastKnownFileType = sourcecode.c.h; name = AnalyticsUtil.h; path = Util/AnalyticsUtil.h; sourceTree = "<group>"; };
		999FAE231C8C346C0083C6B0 /* AnalyticsUtil.m */ = {isa = PBXFileReference; fileEncoding = 4; lastKnownFileType = sourcecode.c.objc; name = AnalyticsUtil.m; path = Util/AnalyticsUtil.m; sourceTree = "<group>"; };
		999FAE251C8C4A200083C6B0 /* MessageCell.h */ = {isa = PBXFileReference; fileEncoding = 4; lastKnownFileType = sourcecode.c.h; name = MessageCell.h; path = View/MessageCell.h; sourceTree = "<group>"; };
		999FAE261C8C4A200083C6B0 /* MessageCell.m */ = {isa = PBXFileReference; fileEncoding = 4; lastKnownFileType = sourcecode.c.objc; name = MessageCell.m; path = View/MessageCell.m; sourceTree = "<group>"; };
		999FAE281C8C4CC20083C6B0 /* libz.tbd */ = {isa = PBXFileReference; lastKnownFileType = "sourcecode.text-based-dylib-definition"; name = libz.tbd; path = usr/lib/libz.tbd; sourceTree = SDKROOT; };
		999FAE2B1C8C574D0083C6B0 /* GoogleMobileAds.framework */ = {isa = PBXFileReference; lastKnownFileType = wrapper.framework; name = GoogleMobileAds.framework; path = Others/Admob/GoogleMobileAds.framework; sourceTree = "<group>"; };
		999FAE2D1C8C578F0083C6B0 /* AdManager.h */ = {isa = PBXFileReference; fileEncoding = 4; lastKnownFileType = sourcecode.c.h; name = AdManager.h; path = Manager/AdManager.h; sourceTree = "<group>"; };
		999FAE2E1C8C578F0083C6B0 /* AdManager.m */ = {isa = PBXFileReference; fileEncoding = 4; lastKnownFileType = sourcecode.c.objc; name = AdManager.m; path = Manager/AdManager.m; sourceTree = "<group>"; };
		99C22ADB1CD77FFA00F0DD2B /* Base */ = {isa = PBXFileReference; lastKnownFileType = text.plist.strings; name = Base; path = Base.lproj/InfoPlist.strings; sourceTree = "<group>"; };
		99C22ADD1CD7808500F0DD2B /* zh-Hant */ = {isa = PBXFileReference; lastKnownFileType = text.plist.strings; name = "zh-Hant"; path = "zh-Hant.lproj/InfoPlist.strings"; sourceTree = "<group>"; };
		99C22ADE1CD7808600F0DD2B /* zh-Hant */ = {isa = PBXFileReference; lastKnownFileType = text.plist.xml; name = "zh-Hant"; path = "zh-Hant.lproj/Info.plist"; sourceTree = "<group>"; };
		99C22AE01CD780A600F0DD2B /* zh-Hans */ = {isa = PBXFileReference; lastKnownFileType = text.plist.strings; name = "zh-Hans"; path = "zh-Hans.lproj/InfoPlist.strings"; sourceTree = "<group>"; };
		99C22AE11CD780D200F0DD2B /* zh-Hans */ = {isa = PBXFileReference; lastKnownFileType = text.plist.xml; name = "zh-Hans"; path = "zh-Hans.lproj/Info.plist"; sourceTree = "<group>"; };
		99C22AE51CD782C500F0DD2B /* Base */ = {isa = PBXFileReference; lastKnownFileType = text.plist.strings; name = Base; path = Base.lproj/Localizable.strings; sourceTree = "<group>"; };
		99C22AE71CD782C700F0DD2B /* zh-Hant */ = {isa = PBXFileReference; lastKnownFileType = text.plist.strings; name = "zh-Hant"; path = "zh-Hant.lproj/Localizable.strings"; sourceTree = "<group>"; };
		99C22AE81CD782CB00F0DD2B /* zh-Hans */ = {isa = PBXFileReference; lastKnownFileType = text.plist.strings; name = "zh-Hans"; path = "zh-Hans.lproj/Localizable.strings"; sourceTree = "<group>"; };
		99C749E61C91AB8B0054829C /* ScheduleManager.h */ = {isa = PBXFileReference; fileEncoding = 4; lastKnownFileType = sourcecode.c.h; name = ScheduleManager.h; path = Manager/ScheduleManager.h; sourceTree = "<group>"; };
		99C749E71C91AB8B0054829C /* ScheduleManager.m */ = {isa = PBXFileReference; fileEncoding = 4; lastKnownFileType = sourcecode.c.objc; name = ScheduleManager.m; path = Manager/ScheduleManager.m; sourceTree = "<group>"; };
		99C749EC1C91BE930054829C /* TextEditViewController.h */ = {isa = PBXFileReference; fileEncoding = 4; lastKnownFileType = sourcecode.c.h; name = TextEditViewController.h; path = ViewController/TextEditViewController.h; sourceTree = "<group>"; };
		99C749ED1C91BE930054829C /* TextEditViewController.m */ = {isa = PBXFileReference; fileEncoding = 4; lastKnownFileType = sourcecode.c.objc; name = TextEditViewController.m; path = ViewController/TextEditViewController.m; sourceTree = "<group>"; };
		99D90FC91C886B5300B1617D /* SettingViewController.h */ = {isa = PBXFileReference; fileEncoding = 4; lastKnownFileType = sourcecode.c.h; name = SettingViewController.h; path = ViewController/SettingViewController.h; sourceTree = "<group>"; };
		99D90FCA1C886B5300B1617D /* SettingViewController.m */ = {isa = PBXFileReference; fileEncoding = 4; lastKnownFileType = sourcecode.c.objc; name = SettingViewController.m; path = ViewController/SettingViewController.m; sourceTree = "<group>"; };
		99D90FCD1C886F0F00B1617D /* SqlUtil.h */ = {isa = PBXFileReference; fileEncoding = 4; lastKnownFileType = sourcecode.c.h; path = SqlUtil.h; sourceTree = "<group>"; };
		99D90FCE1C886F0F00B1617D /* SqlUtil.m */ = {isa = PBXFileReference; fileEncoding = 4; lastKnownFileType = sourcecode.c.objc; path = SqlUtil.m; sourceTree = "<group>"; };
		99D90FD01C887A2700B1617D /* libsqlite3.0.tbd */ = {isa = PBXFileReference; lastKnownFileType = "sourcecode.text-based-dylib-definition"; name = libsqlite3.0.tbd; path = usr/lib/libsqlite3.0.tbd; sourceTree = SDKROOT; };
		99D985671CCFBD6800285B6F /* Cat.mp3 */ = {isa = PBXFileReference; lastKnownFileType = audio.mp3; name = Cat.mp3; path = Record/Resource/sound/Cat.mp3; sourceTree = "<group>"; };
		99D985681CCFBD6800285B6F /* Chewing.mp3 */ = {isa = PBXFileReference; lastKnownFileType = audio.mp3; name = Chewing.mp3; path = Record/Resource/sound/Chewing.mp3; sourceTree = "<group>"; };
		99D985691CCFBD6800285B6F /* Coin.mp3 */ = {isa = PBXFileReference; lastKnownFileType = audio.mp3; name = Coin.mp3; path = Record/Resource/sound/Coin.mp3; sourceTree = "<group>"; };
		99D9856A1CCFBD6800285B6F /* Drums.mp3 */ = {isa = PBXFileReference; lastKnownFileType = audio.mp3; name = Drums.mp3; path = Record/Resource/sound/Drums.mp3; sourceTree = "<group>"; };
		99D9856B1CCFBD6800285B6F /* Yoho.mp3 */ = {isa = PBXFileReference; lastKnownFileType = audio.mp3; name = Yoho.mp3; path = Record/Resource/sound/Yoho.mp3; sourceTree = "<group>"; };
		99F5646C1C9E897C005806A8 /* SettingItem.h */ = {isa = PBXFileReference; fileEncoding = 4; lastKnownFileType = sourcecode.c.h; name = SettingItem.h; path = Data/SettingItem.h; sourceTree = "<group>"; };
		99F5646D1C9E897C005806A8 /* SettingItem.m */ = {isa = PBXFileReference; fileEncoding = 4; lastKnownFileType = sourcecode.c.objc; name = SettingItem.m; path = Data/SettingItem.m; sourceTree = "<group>"; };
/* End PBXFileReference section */

/* Begin PBXFrameworksBuildPhase section */
		990954EB1C85D5C300797FFF /* Frameworks */ = {
			isa = PBXFrameworksBuildPhase;
			buildActionMask = 2147483647;
			files = (
				999FAE291C8C4CC20083C6B0 /* libz.tbd in Frameworks */,
				99D90FD11C887A2700B1617D /* libsqlite3.0.tbd in Frameworks */,
				999FAE2C1C8C574D0083C6B0 /* GoogleMobileAds.framework in Frameworks */,
				993D5A251C9069F4004A42CE /* libUMOnlineConfig.a in Frameworks */,
				999FAE211C8C33130083C6B0 /* libMobClickLibrary.a in Frameworks */,
			);
			runOnlyForDeploymentPostprocessing = 0;
		};
/* End PBXFrameworksBuildPhase section */

/* Begin PBXGroup section */
		990954E51C85D5C300797FFF = {
			isa = PBXGroup;
			children = (
				990954F01C85D5C300797FFF /* Record */,
				990954EF1C85D5C300797FFF /* Products */,
			);
			sourceTree = "<group>";
		};
		990954EF1C85D5C300797FFF /* Products */ = {
			isa = PBXGroup;
			children = (
				990954EE1C85D5C300797FFF /* Reminder.app */,
			);
			name = Products;
			sourceTree = "<group>";
		};
		990954F01C85D5C300797FFF /* Record */ = {
			isa = PBXGroup;
			children = (
				990954F41C85D5C300797FFF /* AppDelegate.h */,
				990954F51C85D5C300797FFF /* AppDelegate.m */,
				999FAE001C8C26300083C6B0 /* Calendar */,
				999FADF61C8C0C0C0083C6B0 /* Data */,
				9909551A1C85D77F00797FFF /* Extension */,
				996C125A1CD75B8E007253C6 /* Framework */,
				992D291F1CCC624600F9288A /* Header */,
				9909551B1C85D79000797FFF /* Manager */,
				999FAE1C1C8C32F80083C6B0 /* Others */,
				990954FD1C85D5C300797FFF /* Record.xcdatamodeld */,
				996004C61C95AF92001EFD89 /* Resource */,
				990954F11C85D5C300797FFF /* Supporting Files */,
				99D90FCC1C886EF300B1617D /* Util */,
				9909551D1C85E45700797FFF /* View */,
				9909551C1C85D7A300797FFF /* ViewController */,
			);
			path = Record;
			sourceTree = "<group>";
		};
		990954F11C85D5C300797FFF /* Supporting Files */ = {
			isa = PBXGroup;
			children = (
				9910AFE31CB2080E006DF5F1 /* Info.plist */,
				990955211C85E6E000797FFF /* Reminder-Prefix.pch */,
				990954F21C85D5C300797FFF /* main.m */,
			);
			name = "Supporting Files";
			sourceTree = "<group>";
		};
		9909551A1C85D77F00797FFF /* Extension */ = {
			isa = PBXGroup;
			children = (
				990955111C85D77A00797FFF /* Extension.h */,
				990955121C85D77A00797FFF /* Extension.m */,
				990955131C85D77A00797FFF /* NSExtension.h */,
				990955141C85D77A00797FFF /* NSExtension.m */,
				990955151C85D77A00797FFF /* UIExtension.h */,
				990955161C85D77A00797FFF /* UIExtension.m */,
			);
			name = Extension;
			sourceTree = "<group>";
		};
		9909551B1C85D79000797FFF /* Manager */ = {
			isa = PBXGroup;
			children = (
				999FAE2D1C8C578F0083C6B0 /* AdManager.h */,
				999FAE2E1C8C578F0083C6B0 /* AdManager.m */,
				9909550E1C85D76F00797FFF /* AppManager.h */,
				9909550F1C85D76F00797FFF /* AppManager.m */,
				99152ACB1CB95EDE00AD7D69 /* AudioManager.h */,
				99152ACC1CB95EDE00AD7D69 /* AudioManager.m */,
				999FADFA1C8C124A0083C6B0 /* MessageManager.h */,
				999FADFB1C8C124A0083C6B0 /* MessageManager.m */,
				999FADF31C8C03E70083C6B0 /* RecordManager.h */,
				999FADF41C8C03E70083C6B0 /* RecordManager.m */,
				999FADF01C8BE1AE0083C6B0 /* ReminderManager.h */,
				999FADF11C8BE1AE0083C6B0 /* ReminderManager.m */,
				99C749E61C91AB8B0054829C /* ScheduleManager.h */,
				99C749E71C91AB8B0054829C /* ScheduleManager.m */,
			);
			name = Manager;
			sourceTree = "<group>";
		};
		9909551C1C85D7A300797FFF /* ViewController */ = {
			isa = PBXGroup;
			children = (
				9909550B1C85D76300797FFF /* BaseViewController.h */,
				9909550C1C85D76300797FFF /* BaseViewController.m */,
				996004BD1C9467D4001EFD89 /* CalendarViewDelegate.h */,
				996004BE1C9467D4001EFD89 /* CalendarViewDelegate.m */,
				990954F71C85D5C300797FFF /* MainViewController.h */,
				990954F81C85D5C300797FFF /* MainViewController.m */,
				996004C31C954C2D001EFD89 /* MessageViewDelegate.h */,
				996004C41C954C2D001EFD89 /* MessageViewDelegate.m */,
				996C124F1CD5C20C007253C6 /* Setting */,
				996004B31C944453001EFD89 /* WebViewController.h */,
				996004B41C944453001EFD89 /* WebViewController.m */,
			);
			name = ViewController;
			sourceTree = "<group>";
		};
		9909551D1C85E45700797FFF /* View */ = {
			isa = PBXGroup;
			children = (
				9909551E1C85E47800797FFF /* HelpView.h */,
				9909551F1C85E47800797FFF /* HelpView.m */,
				999FAE011C8C26420083C6B0 /* CalendarDayButton.h */,
				999FAE021C8C26420083C6B0 /* CalendarDayButton.m */,
				990F88711C984809000C500E /* PillButton.h */,
				990F88721C984809000C500E /* PillButton.m */,
				998DE7DA1C89C42C00C3AA81 /* PackView.h */,
				998DE7DB1C89C42C00C3AA81 /* PackView.m */,
				999FAE251C8C4A200083C6B0 /* MessageCell.h */,
				999FAE261C8C4A200083C6B0 /* MessageCell.m */,
				993D5A1F1C90649E004A42CE /* SettingCell.h */,
				993D5A201C90649E004A42CE /* SettingCell.m */,
				992308101CA6A76600BA6994 /* LegendView.h */,
				992308111CA6A76600BA6994 /* LegendView.m */,
				996004C91C95B1DE001EFD89 /* StartView.h */,
				996004CA1C95B1DE001EFD89 /* StartView.m */,
				9911927B1CD3645800F12A5A /* LaunchView.h */,
				9911927C1CD3645800F12A5A /* LaunchView.m */,
				9923080D1CA6A73A00BA6994 /* CalendarMenuView.h */,
				9923080E1CA6A73A00BA6994 /* CalendarMenuView.m */,
			);
			name = View;
			sourceTree = "<group>";
		};
		9911926D1CD22F3300F12A5A /* images */ = {
			isa = PBXGroup;
			children = (
				991192831CD47C6D00F12A5A /* Default-375w-667h@2x.png */,
				991192841CD47C6D00F12A5A /* Default-414w-736h@3x.png */,
				991192851CD47C6D00F12A5A /* Default-568h@2x.png */,
				991192861CD47C6D00F12A5A /* Default-Portrait~ipad@2x.png */,
				991192871CD47C6D00F12A5A /* Default@2x.png */,
			);
			name = images;
			sourceTree = "<group>";
		};
		992B57901C9EE4C000C96C55 /* FMDB */ = {
			isa = PBXGroup;
			children = (
				992B57911C9EE4CC00C96C55 /* FMDatabase.h */,
				992B57921C9EE4CC00C96C55 /* FMDatabase.m */,
				992B57931C9EE4CC00C96C55 /* FMDatabaseAdditions.h */,
				992B57941C9EE4CC00C96C55 /* FMDatabaseAdditions.m */,
				992B57951C9EE4CC00C96C55 /* FMDatabasePool.h */,
				992B57961C9EE4CC00C96C55 /* FMDatabasePool.m */,
				992B57971C9EE4CC00C96C55 /* FMDatabaseQueue.h */,
				992B57981C9EE4CC00C96C55 /* FMDatabaseQueue.m */,
				992B57991C9EE4CC00C96C55 /* FMDB.h */,
				992B579A1C9EE4CC00C96C55 /* FMResultSet.h */,
				992B579B1C9EE4CC00C96C55 /* FMResultSet.m */,
			);
			name = FMDB;
			sourceTree = "<group>";
		};
		992D291F1CCC624600F9288A /* Header */ = {
			isa = PBXGroup;
			children = (
				992D29201CCC625200F9288A /* Header.h */,
				992D29211CCC632B00F9288A /* Notifications.h */,
				992D29221CCC636000F9288A /* Colors.h */,
				992D29231CCC636000F9288A /* Fonts.h */,
			);
			name = Header;
			sourceTree = "<group>";
		};
		993D5A221C9069EA004A42CE /* UMOnlineConfig */ = {
			isa = PBXGroup;
			children = (
				993D5A231C9069F4004A42CE /* libUMOnlineConfig.a */,
				993D5A241C9069F4004A42CE /* UMOnlineConfig.h */,
			);
			name = UMOnlineConfig;
			sourceTree = "<group>";
		};
		996004C61C95AF92001EFD89 /* Resource */ = {
			isa = PBXGroup;
			children = (
				990955001C85D5C300797FFF /* Assets.xcassets */,
				9911926D1CD22F3300F12A5A /* images */,
				99F5643B1C9E6D6A005806A8 /* sounds */,
				996004C71C95AF9D001EFD89 /* image.xcassets */,
				99C22ADC1CD77FFA00F0DD2B /* InfoPlist.strings */,
				99C22AE61CD782C500F0DD2B /* Localizable.strings */,
			);
			name = Resource;
			path = ..;
			sourceTree = "<group>";
		};
		996C124F1CD5C20C007253C6 /* Setting */ = {
			isa = PBXGroup;
			children = (
				99D90FC91C886B5300B1617D /* SettingViewController.h */,
				99D90FCA1C886B5300B1617D /* SettingViewController.m */,
				991163BA1CA9733C0068F9A6 /* SoundsViewController.h */,
				991163BB1CA9733C0068F9A6 /* SoundsViewController.m */,
				996C124C1CD5B91D007253C6 /* LanguagesViewController.h */,
				996C124D1CD5B91D007253C6 /* LanguagesViewController.m */,
				99C749EC1C91BE930054829C /* TextEditViewController.h */,
				99C749ED1C91BE930054829C /* TextEditViewController.m */,
			);
			name = Setting;
			sourceTree = "<group>";
		};
		996C125A1CD75B8E007253C6 /* Framework */ = {
			isa = PBXGroup;
			children = (
				999FAE281C8C4CC20083C6B0 /* libz.tbd */,
				99D90FD01C887A2700B1617D /* libsqlite3.0.tbd */,
			);
			name = Framework;
			path = ..;
			sourceTree = "<group>";
		};
		999FADF61C8C0C0C0083C6B0 /* Data */ = {
			isa = PBXGroup;
			children = (
				999FADF71C8C0C200083C6B0 /* Record.h */,
				999FADF81C8C0C200083C6B0 /* Record.m */,
				999FADFD1C8C125F0083C6B0 /* Message.h */,
				999FADFE1C8C125F0083C6B0 /* Message.m */,
				99F5646C1C9E897C005806A8 /* SettingItem.h */,
				99F5646D1C9E897C005806A8 /* SettingItem.m */,
			);
			name = Data;
			sourceTree = "<group>";
		};
		999FAE001C8C26300083C6B0 /* Calendar */ = {
			isa = PBXGroup;
			children = (
			);
			name = Calendar;
			sourceTree = "<group>";
		};
		999FAE1C1C8C32F80083C6B0 /* Others */ = {
			isa = PBXGroup;
			children = (
				992B57901C9EE4C000C96C55 /* FMDB */,
				993D5A221C9069EA004A42CE /* UMOnlineConfig */,
				999FAE2A1C8C57450083C6B0 /* Admob */,
				999FAE1D1C8C32FE0083C6B0 /* UMAnalytics */,
			);
			name = Others;
			sourceTree = "<group>";
		};
		999FAE1D1C8C32FE0083C6B0 /* UMAnalytics */ = {
			isa = PBXGroup;
			children = (
				999FAE1E1C8C33130083C6B0 /* libMobClickLibrary.a */,
				999FAE1F1C8C33130083C6B0 /* MobClick.h */,
				999FAE201C8C33130083C6B0 /* MobClickSocialAnalytics.h */,
			);
			name = UMAnalytics;
			sourceTree = "<group>";
		};
		999FAE2A1C8C57450083C6B0 /* Admob */ = {
			isa = PBXGroup;
			children = (
				999FAE2B1C8C574D0083C6B0 /* GoogleMobileAds.framework */,
			);
			name = Admob;
			sourceTree = "<group>";
		};
		99D90FCC1C886EF300B1617D /* Util */ = {
			isa = PBXGroup;
			children = (
				999FAE221C8C346C0083C6B0 /* AnalyticsUtil.h */,
				999FAE231C8C346C0083C6B0 /* AnalyticsUtil.m */,
				993D5A261C906A2E004A42CE /* OnlineConfigUtil.h */,
				993D5A271C906A2E004A42CE /* OnlineConfigUtil.m */,
				99D90FCD1C886F0F00B1617D /* SqlUtil.h */,
				99D90FCE1C886F0F00B1617D /* SqlUtil.m */,
				996004B61C944659001EFD89 /* UrlUtil.h */,
				996004B71C944659001EFD89 /* UrlUtil.m */,
			);
			name = Util;
			sourceTree = "<group>";
		};
		99F5643B1C9E6D6A005806A8 /* sounds */ = {
			isa = PBXGroup;
			children = (
				996C12501CD60EB5007253C6 /* Default.mp3 */,
				99D985671CCFBD6800285B6F /* Cat.mp3 */,
				99D985681CCFBD6800285B6F /* Chewing.mp3 */,
				99D985691CCFBD6800285B6F /* Coin.mp3 */,
				99D9856A1CCFBD6800285B6F /* Drums.mp3 */,
				99D9856B1CCFBD6800285B6F /* Yoho.mp3 */,
			);
			name = sounds;
			sourceTree = "<group>";
		};
/* End PBXGroup section */

/* Begin PBXNativeTarget section */
		990954ED1C85D5C300797FFF /* Reminder */ = {
			isa = PBXNativeTarget;
			buildConfigurationList = 990955081C85D5C300797FFF /* Build configuration list for PBXNativeTarget "Reminder" */;
			buildPhases = (
				990954EA1C85D5C300797FFF /* Sources */,
				990954EB1C85D5C300797FFF /* Frameworks */,
				990954EC1C85D5C300797FFF /* Resources */,
			);
			buildRules = (
			);
			dependencies = (
			);
			name = Reminder;
			productName = Record;
			productReference = 990954EE1C85D5C300797FFF /* Reminder.app */;
			productType = "com.apple.product-type.application";
		};
/* End PBXNativeTarget section */

/* Begin PBXProject section */
		990954E61C85D5C300797FFF /* Project object */ = {
			isa = PBXProject;
			attributes = {
				LastUpgradeCheck = 0730;
				ORGANIZATIONNAME = "Jehy Fan";
				TargetAttributes = {
					990954ED1C85D5C300797FFF = {
						CreatedOnToolsVersion = 7.2;
						DevelopmentTeam = X6BZVB5W84;
					};
				};
			};
			buildConfigurationList = 990954E91C85D5C300797FFF /* Build configuration list for PBXProject "Reminder" */;
			compatibilityVersion = "Xcode 3.2";
			developmentRegion = English;
			hasScannedForEncodings = 0;
			knownRegions = (
				Base,
				"zh-Hant",
				"zh-Hans",
			);
			mainGroup = 990954E51C85D5C300797FFF;
			productRefGroup = 990954EF1C85D5C300797FFF /* Products */;
			projectDirPath = "";
			projectRoot = "";
			targets = (
				990954ED1C85D5C300797FFF /* Reminder */,
			);
		};
/* End PBXProject section */

/* Begin PBXResourcesBuildPhase section */
		990954EC1C85D5C300797FFF /* Resources */ = {
			isa = PBXResourcesBuildPhase;
			buildActionMask = 2147483647;
			files = (
				99D985701CCFBD6800285B6F /* Yoho.mp3 in Resources */,
				99C22ADA1CD77FFA00F0DD2B /* InfoPlist.strings in Resources */,
				99D9856D1CCFBD6800285B6F /* Chewing.mp3 in Resources */,
				996004C81C95AF9D001EFD89 /* image.xcassets in Resources */,
				99D9856F1CCFBD6800285B6F /* Drums.mp3 in Resources */,
				996C12511CD60EB5007253C6 /* Default.mp3 in Resources */,
				9911928A1CD47C6D00F12A5A /* Default-568h@2x.png in Resources */,
				9911928B1CD47C6D00F12A5A /* Default-Portrait~ipad@2x.png in Resources */,
				99D9856C1CCFBD6800285B6F /* Cat.mp3 in Resources */,
				991192881CD47C6D00F12A5A /* Default-375w-667h@2x.png in Resources */,
				99C22AE41CD782C500F0DD2B /* Localizable.strings in Resources */,
				991192891CD47C6D00F12A5A /* Default-414w-736h@3x.png in Resources */,
				990955011C85D5C300797FFF /* Assets.xcassets in Resources */,
				9911928C1CD47C6D00F12A5A /* Default@2x.png in Resources */,
				99D9856E1CCFBD6800285B6F /* Coin.mp3 in Resources */,
			);
			runOnlyForDeploymentPostprocessing = 0;
		};
/* End PBXResourcesBuildPhase section */

/* Begin PBXSourcesBuildPhase section */
		990954EA1C85D5C300797FFF /* Sources */ = {
			isa = PBXSourcesBuildPhase;
			buildActionMask = 2147483647;
			files = (
				990954F91C85D5C300797FFF /* MainViewController.m in Sources */,
				9923080F1CA6A73A00BA6994 /* CalendarMenuView.m in Sources */,
				996004BF1C9467D4001EFD89 /* CalendarViewDelegate.m in Sources */,
				996004B51C944453001EFD89 /* WebViewController.m in Sources */,
				99C749EE1C91BE930054829C /* TextEditViewController.m in Sources */,
				999FADF51C8C03E70083C6B0 /* RecordManager.m in Sources */,
				9909550D1C85D76300797FFF /* BaseViewController.m in Sources */,
				999FAE241C8C346C0083C6B0 /* AnalyticsUtil.m in Sources */,
				990955171C85D77A00797FFF /* Extension.m in Sources */,
				990954F61C85D5C300797FFF /* AppDelegate.m in Sources */,
				996C124E1CD5B91D007253C6 /* LanguagesViewController.m in Sources */,
				992B579D1C9EE4CC00C96C55 /* FMDatabaseAdditions.m in Sources */,
				999FAE131C8C26420083C6B0 /* CalendarDayButton.m in Sources */,
				999FAE2F1C8C578F0083C6B0 /* AdManager.m in Sources */,
				998DE7DC1C89C42C00C3AA81 /* PackView.m in Sources */,
				990F88731C984809000C500E /* PillButton.m in Sources */,
				993D5A281C906A2E004A42CE /* OnlineConfigUtil.m in Sources */,
				996004CB1C95B1DE001EFD89 /* StartView.m in Sources */,
				996004B81C944659001EFD89 /* UrlUtil.m in Sources */,
				999FADFC1C8C124A0083C6B0 /* MessageManager.m in Sources */,
				990954FF1C85D5C300797FFF /* Record.xcdatamodeld in Sources */,
				99D90FCF1C886F0F00B1617D /* SqlUtil.m in Sources */,
				990955201C85E47800797FFF /* HelpView.m in Sources */,
				999FADF91C8C0C200083C6B0 /* Record.m in Sources */,
				992B579C1C9EE4CC00C96C55 /* FMDatabase.m in Sources */,
				992B579E1C9EE4CC00C96C55 /* FMDatabasePool.m in Sources */,
				99F5646E1C9E897C005806A8 /* SettingItem.m in Sources */,
				990954F31C85D5C300797FFF /* main.m in Sources */,
				990955191C85D77A00797FFF /* UIExtension.m in Sources */,
				992B57A01C9EE4CC00C96C55 /* FMResultSet.m in Sources */,
				990955181C85D77A00797FFF /* NSExtension.m in Sources */,
				99152ACD1CB95EDE00AD7D69 /* AudioManager.m in Sources */,
				9911927D1CD3645800F12A5A /* LaunchView.m in Sources */,
				990955101C85D76F00797FFF /* AppManager.m in Sources */,
				996004C51C954C2D001EFD89 /* MessageViewDelegate.m in Sources */,
				991163BC1CA9733C0068F9A6 /* SoundsViewController.m in Sources */,
				99C749E81C91AB8B0054829C /* ScheduleManager.m in Sources */,
				999FADF21C8BE1AE0083C6B0 /* ReminderManager.m in Sources */,
				999FADFF1C8C125F0083C6B0 /* Message.m in Sources */,
				993D5A211C90649E004A42CE /* SettingCell.m in Sources */,
				99D90FCB1C886B5300B1617D /* SettingViewController.m in Sources */,
				999FAE271C8C4A200083C6B0 /* MessageCell.m in Sources */,
				992B579F1C9EE4CC00C96C55 /* FMDatabaseQueue.m in Sources */,
				992308121CA6A76600BA6994 /* LegendView.m in Sources */,
			);
			runOnlyForDeploymentPostprocessing = 0;
		};
/* End PBXSourcesBuildPhase section */

/* Begin PBXVariantGroup section */
		9910AFE31CB2080E006DF5F1 /* Info.plist */ = {
			isa = PBXVariantGroup;
			children = (
				9910AFE21CB2080E006DF5F1 /* Base */,
				99C22ADE1CD7808600F0DD2B /* zh-Hant */,
				99C22AE11CD780D200F0DD2B /* zh-Hans */,
			);
			name = Info.plist;
			sourceTree = "<group>";
		};
		99C22ADC1CD77FFA00F0DD2B /* InfoPlist.strings */ = {
			isa = PBXVariantGroup;
			children = (
				99C22ADB1CD77FFA00F0DD2B /* Base */,
				99C22ADD1CD7808500F0DD2B /* zh-Hant */,
				99C22AE01CD780A600F0DD2B /* zh-Hans */,
			);
			name = InfoPlist.strings;
			sourceTree = "<group>";
		};
		99C22AE61CD782C500F0DD2B /* Localizable.strings */ = {
			isa = PBXVariantGroup;
			children = (
				99C22AE51CD782C500F0DD2B /* Base */,
				99C22AE71CD782C700F0DD2B /* zh-Hant */,
				99C22AE81CD782CB00F0DD2B /* zh-Hans */,
			);
			name = Localizable.strings;
			sourceTree = "<group>";
		};
/* End PBXVariantGroup section */

/* Begin XCBuildConfiguration section */
		990955061C85D5C300797FFF /* Debug */ = {
			isa = XCBuildConfiguration;
			buildSettings = {
				ALWAYS_SEARCH_USER_PATHS = NO;
				CLANG_CXX_LANGUAGE_STANDARD = "gnu++0x";
				CLANG_CXX_LIBRARY = "libc++";
				CLANG_ENABLE_MODULES = YES;
				CLANG_ENABLE_OBJC_ARC = YES;
				CLANG_WARN_BOOL_CONVERSION = YES;
				CLANG_WARN_CONSTANT_CONVERSION = YES;
				CLANG_WARN_DIRECT_OBJC_ISA_USAGE = YES_ERROR;
				CLANG_WARN_EMPTY_BODY = YES;
				CLANG_WARN_ENUM_CONVERSION = YES;
				CLANG_WARN_INT_CONVERSION = YES;
				CLANG_WARN_OBJC_ROOT_CLASS = YES_ERROR;
				CLANG_WARN_UNREACHABLE_CODE = YES;
				CLANG_WARN__DUPLICATE_METHOD_MATCH = YES;
				"CODE_SIGN_IDENTITY[sdk=iphoneos*]" = "iPhone Developer";
				COPY_PHASE_STRIP = NO;
				DEBUG_INFORMATION_FORMAT = dwarf;
				ENABLE_STRICT_OBJC_MSGSEND = YES;
				ENABLE_TESTABILITY = YES;
				GCC_C_LANGUAGE_STANDARD = gnu99;
				GCC_DYNAMIC_NO_PIC = NO;
				GCC_NO_COMMON_BLOCKS = YES;
				GCC_OPTIMIZATION_LEVEL = 0;
				GCC_PREPROCESSOR_DEFINITIONS = (
					"DEBUG=1",
					"$(inherited)",
				);
				GCC_WARN_64_TO_32_BIT_CONVERSION = YES;
				GCC_WARN_ABOUT_RETURN_TYPE = YES_ERROR;
				GCC_WARN_UNDECLARED_SELECTOR = YES;
				GCC_WARN_UNINITIALIZED_AUTOS = YES_AGGRESSIVE;
				GCC_WARN_UNUSED_FUNCTION = YES;
				GCC_WARN_UNUSED_VARIABLE = YES;
				IPHONEOS_DEPLOYMENT_TARGET = 9.2;
				MTL_ENABLE_DEBUG_INFO = YES;
				ONLY_ACTIVE_ARCH = YES;
				SDKROOT = iphoneos;
				TARGETED_DEVICE_FAMILY = "1,2";
			};
			name = Debug;
		};
		990955071C85D5C300797FFF /* Release */ = {
			isa = XCBuildConfiguration;
			buildSettings = {
				ALWAYS_SEARCH_USER_PATHS = NO;
				CLANG_CXX_LANGUAGE_STANDARD = "gnu++0x";
				CLANG_CXX_LIBRARY = "libc++";
				CLANG_ENABLE_MODULES = YES;
				CLANG_ENABLE_OBJC_ARC = YES;
				CLANG_WARN_BOOL_CONVERSION = YES;
				CLANG_WARN_CONSTANT_CONVERSION = YES;
				CLANG_WARN_DIRECT_OBJC_ISA_USAGE = YES_ERROR;
				CLANG_WARN_EMPTY_BODY = YES;
				CLANG_WARN_ENUM_CONVERSION = YES;
				CLANG_WARN_INT_CONVERSION = YES;
				CLANG_WARN_OBJC_ROOT_CLASS = YES_ERROR;
				CLANG_WARN_UNREACHABLE_CODE = YES;
				CLANG_WARN__DUPLICATE_METHOD_MATCH = YES;
				"CODE_SIGN_IDENTITY[sdk=iphoneos*]" = "iPhone Developer";
				COPY_PHASE_STRIP = NO;
				DEBUG_INFORMATION_FORMAT = "dwarf-with-dsym";
				ENABLE_NS_ASSERTIONS = NO;
				ENABLE_STRICT_OBJC_MSGSEND = YES;
				GCC_C_LANGUAGE_STANDARD = gnu99;
				GCC_NO_COMMON_BLOCKS = YES;
				GCC_WARN_64_TO_32_BIT_CONVERSION = YES;
				GCC_WARN_ABOUT_RETURN_TYPE = YES_ERROR;
				GCC_WARN_UNDECLARED_SELECTOR = YES;
				GCC_WARN_UNINITIALIZED_AUTOS = YES_AGGRESSIVE;
				GCC_WARN_UNUSED_FUNCTION = YES;
				GCC_WARN_UNUSED_VARIABLE = YES;
				IPHONEOS_DEPLOYMENT_TARGET = 9.2;
				MTL_ENABLE_DEBUG_INFO = NO;
				SDKROOT = iphoneos;
				TARGETED_DEVICE_FAMILY = "1,2";
				VALIDATE_PRODUCT = YES;
			};
			name = Release;
		};
		990955091C85D5C300797FFF /* Debug */ = {
			isa = XCBuildConfiguration;
			buildSettings = {
				ASSETCATALOG_COMPILER_APPICON_NAME = AppIcon;
				ASSETCATALOG_COMPILER_LAUNCHIMAGE_NAME = LaunchImage;
				CODE_SIGN_IDENTITY = "iPhone Developer: Jian Hu (TAKK6KY7QV)";
				"CODE_SIGN_IDENTITY[sdk=iphoneos*]" = "iPhone Developer: Jian Hu (TAKK6KY7QV)";
				FRAMEWORK_SEARCH_PATHS = (
					"$(inherited)",
					"$(PROJECT_DIR)/Record/Others/Admob",
				);
				GCC_PREFIX_HEADER = "Record/Reminder-Prefix.pch";
				INFOPLIST_FILE = Record/Base.lproj/Info.plist;
				IPHONEOS_DEPLOYMENT_TARGET = 7.0;
				LD_RUNPATH_SEARCH_PATHS = "$(inherited) @executable_path/Frameworks";
				LIBRARY_SEARCH_PATHS = (
					"$(inherited)",
					"$(PROJECT_DIR)/Record/Others/UMAnalytics",
					"$(PROJECT_DIR)/Record/Others/UMOnlineConfig",
				);
				PRODUCT_BUNDLE_IDENTIFIER = com.tools.reminder;
				PRODUCT_NAME = Reminder;
				PROVISIONING_PROFILE = "38481c7b-e65e-4b2e-9060-50b3959677c4";
			};
			name = Debug;
		};
		9909550A1C85D5C300797FFF /* Release */ = {
			isa = XCBuildConfiguration;
			buildSettings = {
				ASSETCATALOG_COMPILER_APPICON_NAME = AppIcon;
				ASSETCATALOG_COMPILER_LAUNCHIMAGE_NAME = LaunchImage;
				CODE_SIGN_IDENTITY = "iPhone Developer";
				"CODE_SIGN_IDENTITY[sdk=iphoneos*]" = "iPhone Distribution: Jian Hu (X6BZVB5W84)";
				FRAMEWORK_SEARCH_PATHS = (
					"$(inherited)",
					"$(PROJECT_DIR)/Record/Others/Admob",
				);
				GCC_PREFIX_HEADER = "Record/Reminder-Prefix.pch";
				INFOPLIST_FILE = Record/Base.lproj/Info.plist;
				IPHONEOS_DEPLOYMENT_TARGET = 7.0;
				LD_RUNPATH_SEARCH_PATHS = "$(inherited) @executable_path/Frameworks";
				LIBRARY_SEARCH_PATHS = (
					"$(inherited)",
					"$(PROJECT_DIR)/Record/Others/UMAnalytics",
					"$(PROJECT_DIR)/Record/Others/UMOnlineConfig",
				);
				PRODUCT_BUNDLE_IDENTIFIER = com.tools.reminder;
				PRODUCT_NAME = Reminder;
				PROVISIONING_PROFILE = "38481c7b-e65e-4b2e-9060-50b3959677c4";
			};
			name = Release;
		};
/* End XCBuildConfiguration section */

/* Begin XCConfigurationList section */
		990954E91C85D5C300797FFF /* Build configuration list for PBXProject "Reminder" */ = {
			isa = XCConfigurationList;
			buildConfigurations = (
				990955061C85D5C300797FFF /* Debug */,
				990955071C85D5C300797FFF /* Release */,
			);
			defaultConfigurationIsVisible = 0;
			defaultConfigurationName = Release;
		};
		990955081C85D5C300797FFF /* Build configuration list for PBXNativeTarget "Reminder" */ = {
			isa = XCConfigurationList;
			buildConfigurations = (
				990955091C85D5C300797FFF /* Debug */,
				9909550A1C85D5C300797FFF /* Release */,
			);
			defaultConfigurationIsVisible = 0;
			defaultConfigurationName = Release;
		};
/* End XCConfigurationList section */

/* Begin XCVersionGroup section */
		990954FD1C85D5C300797FFF /* Record.xcdatamodeld */ = {
			isa = XCVersionGroup;
			children = (
				990954FE1C85D5C300797FFF /* Record.xcdatamodel */,
			);
			currentVersion = 990954FE1C85D5C300797FFF /* Record.xcdatamodel */;
			path = Record.xcdatamodeld;
			sourceTree = "<group>";
			versionGroupType = wrapper.xcdatamodel;
		};
/* End XCVersionGroup section */
	};
	rootObject = 990954E61C85D5C300797FFF /* Project object */;
}
